<?xml version="1.0" encoding="utf-8"?>
<Project ToolsVersion="4.0" xmlns="http://schemas.microsoft.com/developer/msbuild/2003">
  <ItemGroup>
    <Filter Include="Sources">
      <UniqueIdentifier>{4FC737F1-C7A5-4376-A066-2A32D752A2FF}</UniqueIdentifier>
      <Extensions>cpp;c;cc;cxx;def;odl;idl;hpj;bat;asm;asmx</Extensions>
    </Filter>
    <Filter Include="Sources\Graphics">
      <UniqueIdentifier>{ffa32df3-4297-4318-b18d-4976b46fc5ef}</UniqueIdentifier>
    </Filter>
    <Filter Include="Sources\PrecompiledHeader">
      <UniqueIdentifier>{7cea8bc9-7512-4bad-a07e-ff5cd35405f0}</UniqueIdentifier>
    </Filter>
    <Filter Include="Sources\PrecompiledHeader\hpp">
      <UniqueIdentifier>{2d97d84e-74e9-4663-ab6c-4fa81516725c}</UniqueIdentifier>
    </Filter>
    <Filter Include="Sources\PrecompiledHeader\cpp">
      <UniqueIdentifier>{aa58e28c-6e56-4ce1-956c-c6166b53cc31}</UniqueIdentifier>
    </Filter>
    <Filter Include="Sources\Config">
      <UniqueIdentifier>{ce3ef03a-ac87-4c68-99ff-95dc631a396f}</UniqueIdentifier>
    </Filter>
    <Filter Include="Sources\Config\hpp">
      <UniqueIdentifier>{13ff14d9-211b-4ea3-9b16-013dbc416aec}</UniqueIdentifier>
    </Filter>
    <Filter Include="Sources\Slate">
      <UniqueIdentifier>{89da5a1f-806b-4bf9-8981-c6bf51b2ff4d}</UniqueIdentifier>
    </Filter>
    <Filter Include="Sources\Slate\hpp">
      <UniqueIdentifier>{5bc31741-9677-4a5d-8fd5-93c4ae6c5b5d}</UniqueIdentifier>
    </Filter>
    <Filter Include="Sources\Camera">
      <UniqueIdentifier>{5c7ac3a0-ae8f-4460-8a9e-c1afdc9601d4}</UniqueIdentifier>
    </Filter>
    <Filter Include="Sources\Camera\cpp">
      <UniqueIdentifier>{46052c06-5bd5-4451-b69b-f89f758d0f64}</UniqueIdentifier>
    </Filter>
    <Filter Include="Sources\Camera\hpp">
      <UniqueIdentifier>{87102607-8982-4526-a061-e2fd1139943d}</UniqueIdentifier>
    </Filter>
    <Filter Include="Sources\Graphics\cpp">
      <UniqueIdentifier>{497ec891-481a-4a31-8b6f-349eb3872b30}</UniqueIdentifier>
    </Filter>
    <Filter Include="Sources\Graphics\hpp">
      <UniqueIdentifier>{8fa5fae8-3baa-4c23-b7e7-041769357ee5}</UniqueIdentifier>
    </Filter>
    <Filter Include="Sources\Graphics\hpp\Abstract">
      <UniqueIdentifier>{e9780fb0-9703-4444-86ec-6e4554094972}</UniqueIdentifier>
    </Filter>
    <Filter Include="Sources\Graphics\hpp\Direct3D9">
      <UniqueIdentifier>{dac266e5-c911-4ab5-a50c-422d05b4b197}</UniqueIdentifier>
    </Filter>
    <Filter Include="Sources\Graphics\cpp\Direct3D9">
      <UniqueIdentifier>{2d2a5921-371d-4ac8-8617-5fc1f451e304}</UniqueIdentifier>
    </Filter>
  </ItemGroup>
  <ItemGroup>
    <ClInclude Include="..\..\Source\TGON\PrecompiledHeader.h">
      <Filter>Sources\PrecompiledHeader\hpp</Filter>
    </ClInclude>
    <ClInclude Include="..\..\Source\TGON\LowLevelRenderer\Config\Graphics.h">
      <Filter>Sources\Config\hpp</Filter>
    </ClInclude>
    <ClInclude Include="..\..\Source\TGON\LowLevelRenderer\Slate\PlatformGraphics.h">
      <Filter>Sources\Slate\hpp</Filter>
    </ClInclude>
    <ClInclude Include="..\..\Source\TGON\LowLevelRenderer\Camera\TCamera.h">
      <Filter>Sources\Camera\hpp</Filter>
    </ClInclude>
    <ClInclude Include="..\..\Source\TGON\LowLevelRenderer\Graphics\Abstract\AbstractGraphics.h">
      <Filter>Sources\Graphics\hpp\Abstract</Filter>
    </ClInclude>
    <ClInclude Include="..\..\Source\TGON\LowLevelRenderer\Graphics\Abstract\AbstractGraphicsDevice.h">
      <Filter>Sources\Graphics\hpp\Abstract</Filter>
    </ClInclude>
    <ClInclude Include="..\..\Source\TGON\LowLevelRenderer\Graphics\GraphicsStyle.h">
      <Filter>Sources\Graphics\hpp</Filter>
    </ClInclude>
    <ClInclude Include="..\..\Source\TGON\LowLevelRenderer\Graphics\TGraphics.h">
      <Filter>Sources\Graphics\hpp</Filter>
    </ClInclude>
    <ClInclude Include="..\..\Source\TGON\LowLevelRenderer\Graphics\TGraphicsType.h">
      <Filter>Sources\Graphics\hpp</Filter>
    </ClInclude>
    <ClInclude Include="..\..\Source\TGON\LowLevelRenderer\Graphics\Direct3D9\D3D9Error.h">
      <Filter>Sources\Graphics\hpp\Direct3D9</Filter>
    </ClInclude>
    <ClInclude Include="..\..\Source\TGON\LowLevelRenderer\Graphics\Direct3D9\D3D9Fwd.h">
      <Filter>Sources\Graphics\hpp\Direct3D9</Filter>
    </ClInclude>
    <ClInclude Include="..\..\Source\TGON\LowLevelRenderer\Graphics\Direct3D9\D3D9Graphics.h">
      <Filter>Sources\Graphics\hpp\Direct3D9</Filter>
    </ClInclude>
  </ItemGroup>
  <ItemGroup>
    <ClCompile Include="..\..\Source\TGON\PrecompiledHeader.cpp">
      <Filter>Sources\PrecompiledHeader\cpp</Filter>
    </ClCompile>
    <ClCompile Include="..\..\Source\TGON\LowLevelRenderer\Camera\TCamera.cpp">
      <Filter>Sources\Camera\cpp</Filter>
    </ClCompile>
    <ClCompile Include="..\..\Source\TGON\LowLevelRenderer\Graphics\TGraphics.cpp">
      <Filter>Sources\Graphics\cpp</Filter>
    </ClCompile>
    <ClCompile Include="..\..\Source\TGON\LowLevelRenderer\Graphics\Direct3D9\D3D9Error.cpp">
      <Filter>Sources\Graphics\cpp\Direct3D9</Filter>
    </ClCompile>
    <ClCompile Include="..\..\Source\TGON\LowLevelRenderer\Graphics\Direct3D9\D3D9Graphics.cpp">
      <Filter>Sources\Graphics\cpp\Direct3D9</Filter>
    </ClCompile>
  </ItemGroup>
</Project>