
Microsoft Visual Studio Solution File, Format Version 12.00
# Visual Studio 14
VisualStudioVersion = 14.0.23107.0
MinimumVisualStudioVersion = 10.0.40219.1
Project("{8BC9CEB8-8B4A-11D0-8D11-00A0C91BC942}") = "TGON_Core", "TGON_Core\TGON_Core.vcxproj", "{1DEBB112-5404-4EF7-A76E-FC863778EFF9}"
EndProject
Project("{8BC9CEB8-8B4A-11D0-8D11-00A0C91BC942}") = "TGON_ModelJoy", "TGON_ModelJoy\TGON_ModelJoy.vcxproj", "{CB29A8D6-B2E8-40C9-BDAE-0C1B6058AFDF}"
EndProject
Project("{8BC9CEB8-8B4A-11D0-8D11-00A0C91BC942}") = "TGON_Platform_Core", "TGON_Platform_Core\TGON_Platform_Core.vcxproj", "{074B46C4-DFD9-4505-A84F-7A32BE057E16}"
EndProject
Project("{2150E333-8FDC-42A3-9474-1A3956D46DE8}") = "1. Core", "1. Core", "{103D6238-602C-455A-8CB5-F3B97A9064BC}"
EndProject
Project("{2150E333-8FDC-42A3-9474-1A3956D46DE8}") = "3. Solution Items", "3. Solution Items", "{86405515-4365-4C09-B31B-213D514112B2}"
EndProject
Project("{2150E333-8FDC-42A3-9474-1A3956D46DE8}") = "2. Contents", "2. Contents", "{01E75FCD-305B-4CAF-9FBF-52492C9294DB}"
EndProject
Project("{8BC9CEB8-8B4A-11D0-8D11-00A0C91BC942}") = "TGON_Render_Core", "TGON_Render_Core\TGON_Render_Core.vcxproj", "{B5F066EE-B082-4A67-ACF4-BB4DF03A01D3}"
EndProject
Global
	GlobalSection(SolutionConfigurationPlatforms) = preSolution
		Debug|x64 = Debug|x64
		Debug|x86 = Debug|x86
		Release|x64 = Release|x64
		Release|x86 = Release|x86
	EndGlobalSection
	GlobalSection(ProjectConfigurationPlatforms) = postSolution
		{1DEBB112-5404-4EF7-A76E-FC863778EFF9}.Debug|x64.ActiveCfg = Debug|x64
		{1DEBB112-5404-4EF7-A76E-FC863778EFF9}.Debug|x64.Build.0 = Debug|x64
		{1DEBB112-5404-4EF7-A76E-FC863778EFF9}.Debug|x86.ActiveCfg = Debug|Win32
		{1DEBB112-5404-4EF7-A76E-FC863778EFF9}.Debug|x86.Build.0 = Debug|Win32
		{1DEBB112-5404-4EF7-A76E-FC863778EFF9}.Release|x64.ActiveCfg = Release|x64
		{1DEBB112-5404-4EF7-A76E-FC863778EFF9}.Release|x64.Build.0 = Release|x64
		{1DEBB112-5404-4EF7-A76E-FC863778EFF9}.Release|x86.ActiveCfg = Release|Win32
		{1DEBB112-5404-4EF7-A76E-FC863778EFF9}.Release|x86.Build.0 = Release|Win32
		{CB29A8D6-B2E8-40C9-BDAE-0C1B6058AFDF}.Debug|x64.ActiveCfg = Debug|Win32
		{CB29A8D6-B2E8-40C9-BDAE-0C1B6058AFDF}.Debug|x86.ActiveCfg = Debug|Win32
		{CB29A8D6-B2E8-40C9-BDAE-0C1B6058AFDF}.Debug|x86.Build.0 = Debug|Win32
		{CB29A8D6-B2E8-40C9-BDAE-0C1B6058AFDF}.Release|x64.ActiveCfg = Release|Win32
		{CB29A8D6-B2E8-40C9-BDAE-0C1B6058AFDF}.Release|x86.ActiveCfg = Release|Win32
		{CB29A8D6-B2E8-40C9-BDAE-0C1B6058AFDF}.Release|x86.Build.0 = Release|Win32
		{074B46C4-DFD9-4505-A84F-7A32BE057E16}.Debug|x64.ActiveCfg = Debug|x64
		{074B46C4-DFD9-4505-A84F-7A32BE057E16}.Debug|x64.Build.0 = Debug|x64
		{074B46C4-DFD9-4505-A84F-7A32BE057E16}.Debug|x86.ActiveCfg = Debug|Win32
		{074B46C4-DFD9-4505-A84F-7A32BE057E16}.Debug|x86.Build.0 = Debug|Win32
		{074B46C4-DFD9-4505-A84F-7A32BE057E16}.Release|x64.ActiveCfg = Release|x64
		{074B46C4-DFD9-4505-A84F-7A32BE057E16}.Release|x64.Build.0 = Release|x64
		{074B46C4-DFD9-4505-A84F-7A32BE057E16}.Release|x86.ActiveCfg = Release|Win32
		{074B46C4-DFD9-4505-A84F-7A32BE057E16}.Release|x86.Build.0 = Release|Win32
		{B5F066EE-B082-4A67-ACF4-BB4DF03A01D3}.Debug|x64.ActiveCfg = Debug|x64
		{B5F066EE-B082-4A67-ACF4-BB4DF03A01D3}.Debug|x64.Build.0 = Debug|x64
		{B5F066EE-B082-4A67-ACF4-BB4DF03A01D3}.Debug|x86.ActiveCfg = Debug|Win32
		{B5F066EE-B082-4A67-ACF4-BB4DF03A01D3}.Debug|x86.Build.0 = Debug|Win32
		{B5F066EE-B082-4A67-ACF4-BB4DF03A01D3}.Release|x64.ActiveCfg = Release|x64
		{B5F066EE-B082-4A67-ACF4-BB4DF03A01D3}.Release|x64.Build.0 = Release|x64
		{B5F066EE-B082-4A67-ACF4-BB4DF03A01D3}.Release|x86.ActiveCfg = Release|Win32
		{B5F066EE-B082-4A67-ACF4-BB4DF03A01D3}.Release|x86.Build.0 = Release|Win32
	EndGlobalSection
	GlobalSection(SolutionProperties) = preSolution
		HideSolutionNode = FALSE
	EndGlobalSection
	GlobalSection(NestedProjects) = preSolution
		{1DEBB112-5404-4EF7-A76E-FC863778EFF9} = {103D6238-602C-455A-8CB5-F3B97A9064BC}
		{CB29A8D6-B2E8-40C9-BDAE-0C1B6058AFDF} = {01E75FCD-305B-4CAF-9FBF-52492C9294DB}
		{074B46C4-DFD9-4505-A84F-7A32BE057E16} = {103D6238-602C-455A-8CB5-F3B97A9064BC}
		{B5F066EE-B082-4A67-ACF4-BB4DF03A01D3} = {103D6238-602C-455A-8CB5-F3B97A9064BC}
	EndGlobalSection
EndGlobal
