
Microsoft Visual Studio Solution File, Format Version 12.00
# Visual Studio 14
VisualStudioVersion = 14.0.24720.0
MinimumVisualStudioVersion = 10.0.40219.1
Project("{8BC9CEB8-8B4A-11D0-8D11-00A0C91BC942}") = "TGON_Core", "TGON_Core\TGON_Core.vcxproj", "{1DEBB112-5404-4EF7-A76E-FC863778EFF9}"
EndProject
Project("{8BC9CEB8-8B4A-11D0-8D11-00A0C91BC942}") = "TGON_ModelJoy", "TGON_ModelJoy\TGON_ModelJoy.vcxproj", "{CB29A8D6-B2E8-40C9-BDAE-0C1B6058AFDF}"
EndProject
Project("{2150E333-8FDC-42A3-9474-1A3956D46DE8}") = "1. Core", "1. Core", "{103D6238-602C-455A-8CB5-F3B97A9064BC}"
EndProject
Project("{2150E333-8FDC-42A3-9474-1A3956D46DE8}") = "5. Implement", "5. Implement", "{86405515-4365-4C09-B31B-213D514112B2}"
EndProject
Project("{2150E333-8FDC-42A3-9474-1A3956D46DE8}") = "4. Framework", "4. Framework", "{01E75FCD-305B-4CAF-9FBF-52492C9294DB}"
EndProject
Project("{2150E333-8FDC-42A3-9474-1A3956D46DE8}") = "3. Graphics", "3. Graphics", "{105A7A4D-7EDD-42D9-B420-BB7C94CD9DAD}"
EndProject
Project("{8BC9CEB8-8B4A-11D0-8D11-00A0C91BC942}") = "TGON_Framework.System", "TGON_System\TGON_System.vcxproj", "{A011083E-7574-48B8-8EA6-DB825418F088}"
EndProject
Project("{8BC9CEB8-8B4A-11D0-8D11-00A0C91BC942}") = "TGON_Platform.Core", "TGON_Platform.Core\TGON_Platform.Core.vcxproj", "{074B46C4-DFD9-4505-A84F-7A32BE057E16}"
EndProject
Project("{8BC9CEB8-8B4A-11D0-8D11-00A0C91BC942}") = "TGON_DirectX", "TGON_DirectX\TGON_DirectX.vcxproj", "{B5F066EE-B082-4A67-ACF4-BB4DF03A01D3}"
EndProject
Project("{2150E333-8FDC-42A3-9474-1A3956D46DE8}") = "Windows", "Windows", "{11D45BF4-CD7C-4263-A455-0F651065B59A}"
EndProject
Project("{8BC9CEB8-8B4A-11D0-8D11-00A0C91BC942}") = "TGON_Graphics.Core", "TGON_Graphics.Core\TGON_Graphics.Core.vcxproj", "{B2022C3B-6449-47C9-A1AB-217177F67EA8}"
EndProject
Project("{2150E333-8FDC-42A3-9474-1A3956D46DE8}") = "[Windows]", "[Windows]", "{6FB026F0-9C75-40D5-BEFD-4F19BB560CE8}"
EndProject
Project("{2150E333-8FDC-42A3-9474-1A3956D46DE8}") = "TinyXML2", "TinyXML2", "{C8FB8CF3-242B-467E-9EAD-52E82F3020CF}"
EndProject
Project("{8BC9CEB8-8B4A-11D0-8D11-00A0C91BC942}") = "tinyxml2_static", "ThirdParty\TinyXML2\build\tinyxml2_static.vcxproj", "{BB45272C-D325-30B8-8F32-ED2494906133}"
EndProject
Project("{8BC9CEB8-8B4A-11D0-8D11-00A0C91BC942}") = "TGON_Windows.Core", "TGON_Windows.Core\TGON_Windows.Core.vcxproj", "{7665F373-F1F9-4558-B282-05462AF54119}"
EndProject
Project("{2150E333-8FDC-42A3-9474-1A3956D46DE8}") = "2. Platform", "2. Platform", "{903E3C92-9F12-40CF-A430-B9D2B12B09A6}"
EndProject
Project("{2150E333-8FDC-42A3-9474-1A3956D46DE8}") = "Interface", "Interface", "{F2D13580-E68A-43E0-AFBA-91738BC082C9}"
EndProject
Project("{8BC9CEB8-8B4A-11D0-8D11-00A0C91BC942}") = "TGON_Framework.GameTemplate", "TGON_Framework.GameTemplate\TGON_Framework.GameTemplate.vcxproj", "{F3ACC939-E315-496A-858E-E33E1338F89D}"
EndProject
Global
	GlobalSection(SolutionConfigurationPlatforms) = preSolution
		Debug|Mixed Platforms = Debug|Mixed Platforms
		Debug|Win32 = Debug|Win32
		Debug|x64 = Debug|x64
		Debug|x86 = Debug|x86
		MinSizeRel|Mixed Platforms = MinSizeRel|Mixed Platforms
		MinSizeRel|Win32 = MinSizeRel|Win32
		MinSizeRel|x64 = MinSizeRel|x64
		MinSizeRel|x86 = MinSizeRel|x86
		Release|Mixed Platforms = Release|Mixed Platforms
		Release|Win32 = Release|Win32
		Release|x64 = Release|x64
		Release|x86 = Release|x86
		RelWithDebInfo|Mixed Platforms = RelWithDebInfo|Mixed Platforms
		RelWithDebInfo|Win32 = RelWithDebInfo|Win32
		RelWithDebInfo|x64 = RelWithDebInfo|x64
		RelWithDebInfo|x86 = RelWithDebInfo|x86
	EndGlobalSection
	GlobalSection(ProjectConfigurationPlatforms) = postSolution
		{1DEBB112-5404-4EF7-A76E-FC863778EFF9}.Debug|Mixed Platforms.ActiveCfg = Debug|Win32
		{1DEBB112-5404-4EF7-A76E-FC863778EFF9}.Debug|Mixed Platforms.Build.0 = Debug|Win32
		{1DEBB112-5404-4EF7-A76E-FC863778EFF9}.Debug|Win32.ActiveCfg = Debug|Win32
		{1DEBB112-5404-4EF7-A76E-FC863778EFF9}.Debug|Win32.Build.0 = Debug|Win32
		{1DEBB112-5404-4EF7-A76E-FC863778EFF9}.Debug|x64.ActiveCfg = Debug|x64
		{1DEBB112-5404-4EF7-A76E-FC863778EFF9}.Debug|x64.Build.0 = Debug|x64
		{1DEBB112-5404-4EF7-A76E-FC863778EFF9}.Debug|x86.ActiveCfg = Debug|Win32
		{1DEBB112-5404-4EF7-A76E-FC863778EFF9}.Debug|x86.Build.0 = Debug|Win32
		{1DEBB112-5404-4EF7-A76E-FC863778EFF9}.MinSizeRel|Mixed Platforms.ActiveCfg = Release|Win32
		{1DEBB112-5404-4EF7-A76E-FC863778EFF9}.MinSizeRel|Mixed Platforms.Build.0 = Release|Win32
		{1DEBB112-5404-4EF7-A76E-FC863778EFF9}.MinSizeRel|Win32.ActiveCfg = Release|Win32
		{1DEBB112-5404-4EF7-A76E-FC863778EFF9}.MinSizeRel|Win32.Build.0 = Release|Win32
		{1DEBB112-5404-4EF7-A76E-FC863778EFF9}.MinSizeRel|x64.ActiveCfg = Release|x64
		{1DEBB112-5404-4EF7-A76E-FC863778EFF9}.MinSizeRel|x64.Build.0 = Release|x64
		{1DEBB112-5404-4EF7-A76E-FC863778EFF9}.MinSizeRel|x86.ActiveCfg = Release|Win32
		{1DEBB112-5404-4EF7-A76E-FC863778EFF9}.MinSizeRel|x86.Build.0 = Release|Win32
		{1DEBB112-5404-4EF7-A76E-FC863778EFF9}.Release|Mixed Platforms.ActiveCfg = Release|Win32
		{1DEBB112-5404-4EF7-A76E-FC863778EFF9}.Release|Mixed Platforms.Build.0 = Release|Win32
		{1DEBB112-5404-4EF7-A76E-FC863778EFF9}.Release|Win32.ActiveCfg = Release|Win32
		{1DEBB112-5404-4EF7-A76E-FC863778EFF9}.Release|Win32.Build.0 = Release|Win32
		{1DEBB112-5404-4EF7-A76E-FC863778EFF9}.Release|x64.ActiveCfg = Release|x64
		{1DEBB112-5404-4EF7-A76E-FC863778EFF9}.Release|x64.Build.0 = Release|x64
		{1DEBB112-5404-4EF7-A76E-FC863778EFF9}.Release|x86.ActiveCfg = Release|Win32
		{1DEBB112-5404-4EF7-A76E-FC863778EFF9}.Release|x86.Build.0 = Release|Win32
		{1DEBB112-5404-4EF7-A76E-FC863778EFF9}.RelWithDebInfo|Mixed Platforms.ActiveCfg = Release|Win32
		{1DEBB112-5404-4EF7-A76E-FC863778EFF9}.RelWithDebInfo|Mixed Platforms.Build.0 = Release|Win32
		{1DEBB112-5404-4EF7-A76E-FC863778EFF9}.RelWithDebInfo|Win32.ActiveCfg = Release|Win32
		{1DEBB112-5404-4EF7-A76E-FC863778EFF9}.RelWithDebInfo|Win32.Build.0 = Release|Win32
		{1DEBB112-5404-4EF7-A76E-FC863778EFF9}.RelWithDebInfo|x64.ActiveCfg = Release|x64
		{1DEBB112-5404-4EF7-A76E-FC863778EFF9}.RelWithDebInfo|x64.Build.0 = Release|x64
		{1DEBB112-5404-4EF7-A76E-FC863778EFF9}.RelWithDebInfo|x86.ActiveCfg = Release|Win32
		{1DEBB112-5404-4EF7-A76E-FC863778EFF9}.RelWithDebInfo|x86.Build.0 = Release|Win32
		{CB29A8D6-B2E8-40C9-BDAE-0C1B6058AFDF}.Debug|Mixed Platforms.ActiveCfg = Debug|Win32
		{CB29A8D6-B2E8-40C9-BDAE-0C1B6058AFDF}.Debug|Mixed Platforms.Build.0 = Debug|Win32
		{CB29A8D6-B2E8-40C9-BDAE-0C1B6058AFDF}.Debug|Win32.ActiveCfg = Debug|Win32
		{CB29A8D6-B2E8-40C9-BDAE-0C1B6058AFDF}.Debug|Win32.Build.0 = Debug|Win32
		{CB29A8D6-B2E8-40C9-BDAE-0C1B6058AFDF}.Debug|x64.ActiveCfg = Debug|Win32
		{CB29A8D6-B2E8-40C9-BDAE-0C1B6058AFDF}.Debug|x86.ActiveCfg = Debug|Win32
		{CB29A8D6-B2E8-40C9-BDAE-0C1B6058AFDF}.Debug|x86.Build.0 = Debug|Win32
		{CB29A8D6-B2E8-40C9-BDAE-0C1B6058AFDF}.MinSizeRel|Mixed Platforms.ActiveCfg = Release|Win32
		{CB29A8D6-B2E8-40C9-BDAE-0C1B6058AFDF}.MinSizeRel|Mixed Platforms.Build.0 = Release|Win32
		{CB29A8D6-B2E8-40C9-BDAE-0C1B6058AFDF}.MinSizeRel|Win32.ActiveCfg = Release|Win32
		{CB29A8D6-B2E8-40C9-BDAE-0C1B6058AFDF}.MinSizeRel|Win32.Build.0 = Release|Win32
		{CB29A8D6-B2E8-40C9-BDAE-0C1B6058AFDF}.MinSizeRel|x64.ActiveCfg = Release|Win32
		{CB29A8D6-B2E8-40C9-BDAE-0C1B6058AFDF}.MinSizeRel|x64.Build.0 = Release|Win32
		{CB29A8D6-B2E8-40C9-BDAE-0C1B6058AFDF}.MinSizeRel|x86.ActiveCfg = Release|Win32
		{CB29A8D6-B2E8-40C9-BDAE-0C1B6058AFDF}.MinSizeRel|x86.Build.0 = Release|Win32
		{CB29A8D6-B2E8-40C9-BDAE-0C1B6058AFDF}.Release|Mixed Platforms.ActiveCfg = Release|Win32
		{CB29A8D6-B2E8-40C9-BDAE-0C1B6058AFDF}.Release|Mixed Platforms.Build.0 = Release|Win32
		{CB29A8D6-B2E8-40C9-BDAE-0C1B6058AFDF}.Release|Win32.ActiveCfg = Release|Win32
		{CB29A8D6-B2E8-40C9-BDAE-0C1B6058AFDF}.Release|Win32.Build.0 = Release|Win32
		{CB29A8D6-B2E8-40C9-BDAE-0C1B6058AFDF}.Release|x64.ActiveCfg = Release|Win32
		{CB29A8D6-B2E8-40C9-BDAE-0C1B6058AFDF}.Release|x86.ActiveCfg = Release|Win32
		{CB29A8D6-B2E8-40C9-BDAE-0C1B6058AFDF}.Release|x86.Build.0 = Release|Win32
		{CB29A8D6-B2E8-40C9-BDAE-0C1B6058AFDF}.RelWithDebInfo|Mixed Platforms.ActiveCfg = Release|Win32
		{CB29A8D6-B2E8-40C9-BDAE-0C1B6058AFDF}.RelWithDebInfo|Mixed Platforms.Build.0 = Release|Win32
		{CB29A8D6-B2E8-40C9-BDAE-0C1B6058AFDF}.RelWithDebInfo|Win32.ActiveCfg = Release|Win32
		{CB29A8D6-B2E8-40C9-BDAE-0C1B6058AFDF}.RelWithDebInfo|Win32.Build.0 = Release|Win32
		{CB29A8D6-B2E8-40C9-BDAE-0C1B6058AFDF}.RelWithDebInfo|x64.ActiveCfg = Release|Win32
		{CB29A8D6-B2E8-40C9-BDAE-0C1B6058AFDF}.RelWithDebInfo|x64.Build.0 = Release|Win32
		{CB29A8D6-B2E8-40C9-BDAE-0C1B6058AFDF}.RelWithDebInfo|x86.ActiveCfg = Release|Win32
		{CB29A8D6-B2E8-40C9-BDAE-0C1B6058AFDF}.RelWithDebInfo|x86.Build.0 = Release|Win32
		{A011083E-7574-48B8-8EA6-DB825418F088}.Debug|Mixed Platforms.ActiveCfg = Debug|Win32
		{A011083E-7574-48B8-8EA6-DB825418F088}.Debug|Mixed Platforms.Build.0 = Debug|Win32
		{A011083E-7574-48B8-8EA6-DB825418F088}.Debug|Win32.ActiveCfg = Debug|Win32
		{A011083E-7574-48B8-8EA6-DB825418F088}.Debug|Win32.Build.0 = Debug|Win32
		{A011083E-7574-48B8-8EA6-DB825418F088}.Debug|x64.ActiveCfg = Debug|x64
		{A011083E-7574-48B8-8EA6-DB825418F088}.Debug|x64.Build.0 = Debug|x64
		{A011083E-7574-48B8-8EA6-DB825418F088}.Debug|x86.ActiveCfg = Debug|Win32
		{A011083E-7574-48B8-8EA6-DB825418F088}.Debug|x86.Build.0 = Debug|Win32
		{A011083E-7574-48B8-8EA6-DB825418F088}.MinSizeRel|Mixed Platforms.ActiveCfg = Release|Win32
		{A011083E-7574-48B8-8EA6-DB825418F088}.MinSizeRel|Mixed Platforms.Build.0 = Release|Win32
		{A011083E-7574-48B8-8EA6-DB825418F088}.MinSizeRel|Win32.ActiveCfg = Release|Win32
		{A011083E-7574-48B8-8EA6-DB825418F088}.MinSizeRel|Win32.Build.0 = Release|Win32
		{A011083E-7574-48B8-8EA6-DB825418F088}.MinSizeRel|x64.ActiveCfg = Release|x64
		{A011083E-7574-48B8-8EA6-DB825418F088}.MinSizeRel|x64.Build.0 = Release|x64
		{A011083E-7574-48B8-8EA6-DB825418F088}.MinSizeRel|x86.ActiveCfg = Release|Win32
		{A011083E-7574-48B8-8EA6-DB825418F088}.MinSizeRel|x86.Build.0 = Release|Win32
		{A011083E-7574-48B8-8EA6-DB825418F088}.Release|Mixed Platforms.ActiveCfg = Release|Win32
		{A011083E-7574-48B8-8EA6-DB825418F088}.Release|Mixed Platforms.Build.0 = Release|Win32
		{A011083E-7574-48B8-8EA6-DB825418F088}.Release|Win32.ActiveCfg = Release|Win32
		{A011083E-7574-48B8-8EA6-DB825418F088}.Release|Win32.Build.0 = Release|Win32
		{A011083E-7574-48B8-8EA6-DB825418F088}.Release|x64.ActiveCfg = Release|x64
		{A011083E-7574-48B8-8EA6-DB825418F088}.Release|x64.Build.0 = Release|x64
		{A011083E-7574-48B8-8EA6-DB825418F088}.Release|x86.ActiveCfg = Release|Win32
		{A011083E-7574-48B8-8EA6-DB825418F088}.Release|x86.Build.0 = Release|Win32
		{A011083E-7574-48B8-8EA6-DB825418F088}.RelWithDebInfo|Mixed Platforms.ActiveCfg = Release|Win32
		{A011083E-7574-48B8-8EA6-DB825418F088}.RelWithDebInfo|Mixed Platforms.Build.0 = Release|Win32
		{A011083E-7574-48B8-8EA6-DB825418F088}.RelWithDebInfo|Win32.ActiveCfg = Release|Win32
		{A011083E-7574-48B8-8EA6-DB825418F088}.RelWithDebInfo|Win32.Build.0 = Release|Win32
		{A011083E-7574-48B8-8EA6-DB825418F088}.RelWithDebInfo|x64.ActiveCfg = Release|x64
		{A011083E-7574-48B8-8EA6-DB825418F088}.RelWithDebInfo|x64.Build.0 = Release|x64
		{A011083E-7574-48B8-8EA6-DB825418F088}.RelWithDebInfo|x86.ActiveCfg = Release|Win32
		{A011083E-7574-48B8-8EA6-DB825418F088}.RelWithDebInfo|x86.Build.0 = Release|Win32
		{074B46C4-DFD9-4505-A84F-7A32BE057E16}.Debug|Mixed Platforms.ActiveCfg = Debug|Win32
		{074B46C4-DFD9-4505-A84F-7A32BE057E16}.Debug|Mixed Platforms.Build.0 = Debug|Win32
		{074B46C4-DFD9-4505-A84F-7A32BE057E16}.Debug|Win32.ActiveCfg = Debug|Win32
		{074B46C4-DFD9-4505-A84F-7A32BE057E16}.Debug|Win32.Build.0 = Debug|Win32
		{074B46C4-DFD9-4505-A84F-7A32BE057E16}.Debug|x64.ActiveCfg = Debug|x64
		{074B46C4-DFD9-4505-A84F-7A32BE057E16}.Debug|x64.Build.0 = Debug|x64
		{074B46C4-DFD9-4505-A84F-7A32BE057E16}.Debug|x86.ActiveCfg = Debug|Win32
		{074B46C4-DFD9-4505-A84F-7A32BE057E16}.Debug|x86.Build.0 = Debug|Win32
		{074B46C4-DFD9-4505-A84F-7A32BE057E16}.MinSizeRel|Mixed Platforms.ActiveCfg = Release|Win32
		{074B46C4-DFD9-4505-A84F-7A32BE057E16}.MinSizeRel|Mixed Platforms.Build.0 = Release|Win32
		{074B46C4-DFD9-4505-A84F-7A32BE057E16}.MinSizeRel|Win32.ActiveCfg = Release|Win32
		{074B46C4-DFD9-4505-A84F-7A32BE057E16}.MinSizeRel|Win32.Build.0 = Release|Win32
		{074B46C4-DFD9-4505-A84F-7A32BE057E16}.MinSizeRel|x64.ActiveCfg = Release|x64
		{074B46C4-DFD9-4505-A84F-7A32BE057E16}.MinSizeRel|x64.Build.0 = Release|x64
		{074B46C4-DFD9-4505-A84F-7A32BE057E16}.MinSizeRel|x86.ActiveCfg = Release|Win32
		{074B46C4-DFD9-4505-A84F-7A32BE057E16}.MinSizeRel|x86.Build.0 = Release|Win32
		{074B46C4-DFD9-4505-A84F-7A32BE057E16}.Release|Mixed Platforms.ActiveCfg = Release|Win32
		{074B46C4-DFD9-4505-A84F-7A32BE057E16}.Release|Mixed Platforms.Build.0 = Release|Win32
		{074B46C4-DFD9-4505-A84F-7A32BE057E16}.Release|Win32.ActiveCfg = Release|Win32
		{074B46C4-DFD9-4505-A84F-7A32BE057E16}.Release|Win32.Build.0 = Release|Win32
		{074B46C4-DFD9-4505-A84F-7A32BE057E16}.Release|x64.ActiveCfg = Release|x64
		{074B46C4-DFD9-4505-A84F-7A32BE057E16}.Release|x64.Build.0 = Release|x64
		{074B46C4-DFD9-4505-A84F-7A32BE057E16}.Release|x86.ActiveCfg = Release|Win32
		{074B46C4-DFD9-4505-A84F-7A32BE057E16}.Release|x86.Build.0 = Release|Win32
		{074B46C4-DFD9-4505-A84F-7A32BE057E16}.RelWithDebInfo|Mixed Platforms.ActiveCfg = Release|Win32
		{074B46C4-DFD9-4505-A84F-7A32BE057E16}.RelWithDebInfo|Mixed Platforms.Build.0 = Release|Win32
		{074B46C4-DFD9-4505-A84F-7A32BE057E16}.RelWithDebInfo|Win32.ActiveCfg = Release|Win32
		{074B46C4-DFD9-4505-A84F-7A32BE057E16}.RelWithDebInfo|Win32.Build.0 = Release|Win32
		{074B46C4-DFD9-4505-A84F-7A32BE057E16}.RelWithDebInfo|x64.ActiveCfg = Release|x64
		{074B46C4-DFD9-4505-A84F-7A32BE057E16}.RelWithDebInfo|x64.Build.0 = Release|x64
		{074B46C4-DFD9-4505-A84F-7A32BE057E16}.RelWithDebInfo|x86.ActiveCfg = Release|Win32
		{074B46C4-DFD9-4505-A84F-7A32BE057E16}.RelWithDebInfo|x86.Build.0 = Release|Win32
		{B5F066EE-B082-4A67-ACF4-BB4DF03A01D3}.Debug|Mixed Platforms.ActiveCfg = Debug|Win32
		{B5F066EE-B082-4A67-ACF4-BB4DF03A01D3}.Debug|Mixed Platforms.Build.0 = Debug|Win32
		{B5F066EE-B082-4A67-ACF4-BB4DF03A01D3}.Debug|Win32.ActiveCfg = Debug|Win32
		{B5F066EE-B082-4A67-ACF4-BB4DF03A01D3}.Debug|Win32.Build.0 = Debug|Win32
		{B5F066EE-B082-4A67-ACF4-BB4DF03A01D3}.Debug|x64.ActiveCfg = Debug|x64
		{B5F066EE-B082-4A67-ACF4-BB4DF03A01D3}.Debug|x64.Build.0 = Debug|x64
		{B5F066EE-B082-4A67-ACF4-BB4DF03A01D3}.Debug|x86.ActiveCfg = Debug|Win32
		{B5F066EE-B082-4A67-ACF4-BB4DF03A01D3}.Debug|x86.Build.0 = Debug|Win32
		{B5F066EE-B082-4A67-ACF4-BB4DF03A01D3}.MinSizeRel|Mixed Platforms.ActiveCfg = Release|Win32
		{B5F066EE-B082-4A67-ACF4-BB4DF03A01D3}.MinSizeRel|Mixed Platforms.Build.0 = Release|Win32
		{B5F066EE-B082-4A67-ACF4-BB4DF03A01D3}.MinSizeRel|Win32.ActiveCfg = Release|Win32
		{B5F066EE-B082-4A67-ACF4-BB4DF03A01D3}.MinSizeRel|Win32.Build.0 = Release|Win32
		{B5F066EE-B082-4A67-ACF4-BB4DF03A01D3}.MinSizeRel|x64.ActiveCfg = Release|x64
		{B5F066EE-B082-4A67-ACF4-BB4DF03A01D3}.MinSizeRel|x64.Build.0 = Release|x64
		{B5F066EE-B082-4A67-ACF4-BB4DF03A01D3}.MinSizeRel|x86.ActiveCfg = Release|Win32
		{B5F066EE-B082-4A67-ACF4-BB4DF03A01D3}.MinSizeRel|x86.Build.0 = Release|Win32
		{B5F066EE-B082-4A67-ACF4-BB4DF03A01D3}.Release|Mixed Platforms.ActiveCfg = Release|Win32
		{B5F066EE-B082-4A67-ACF4-BB4DF03A01D3}.Release|Mixed Platforms.Build.0 = Release|Win32
		{B5F066EE-B082-4A67-ACF4-BB4DF03A01D3}.Release|Win32.ActiveCfg = Release|Win32
		{B5F066EE-B082-4A67-ACF4-BB4DF03A01D3}.Release|Win32.Build.0 = Release|Win32
		{B5F066EE-B082-4A67-ACF4-BB4DF03A01D3}.Release|x64.ActiveCfg = Release|x64
		{B5F066EE-B082-4A67-ACF4-BB4DF03A01D3}.Release|x64.Build.0 = Release|x64
		{B5F066EE-B082-4A67-ACF4-BB4DF03A01D3}.Release|x86.ActiveCfg = Release|Win32
		{B5F066EE-B082-4A67-ACF4-BB4DF03A01D3}.Release|x86.Build.0 = Release|Win32
		{B5F066EE-B082-4A67-ACF4-BB4DF03A01D3}.RelWithDebInfo|Mixed Platforms.ActiveCfg = Release|Win32
		{B5F066EE-B082-4A67-ACF4-BB4DF03A01D3}.RelWithDebInfo|Mixed Platforms.Build.0 = Release|Win32
		{B5F066EE-B082-4A67-ACF4-BB4DF03A01D3}.RelWithDebInfo|Win32.ActiveCfg = Release|Win32
		{B5F066EE-B082-4A67-ACF4-BB4DF03A01D3}.RelWithDebInfo|Win32.Build.0 = Release|Win32
		{B5F066EE-B082-4A67-ACF4-BB4DF03A01D3}.RelWithDebInfo|x64.ActiveCfg = Release|x64
		{B5F066EE-B082-4A67-ACF4-BB4DF03A01D3}.RelWithDebInfo|x64.Build.0 = Release|x64
		{B5F066EE-B082-4A67-ACF4-BB4DF03A01D3}.RelWithDebInfo|x86.ActiveCfg = Release|Win32
		{B5F066EE-B082-4A67-ACF4-BB4DF03A01D3}.RelWithDebInfo|x86.Build.0 = Release|Win32
		{B2022C3B-6449-47C9-A1AB-217177F67EA8}.Debug|Mixed Platforms.ActiveCfg = Debug|Win32
		{B2022C3B-6449-47C9-A1AB-217177F67EA8}.Debug|Mixed Platforms.Build.0 = Debug|Win32
		{B2022C3B-6449-47C9-A1AB-217177F67EA8}.Debug|Win32.ActiveCfg = Debug|Win32
		{B2022C3B-6449-47C9-A1AB-217177F67EA8}.Debug|Win32.Build.0 = Debug|Win32
		{B2022C3B-6449-47C9-A1AB-217177F67EA8}.Debug|x64.ActiveCfg = Debug|x64
		{B2022C3B-6449-47C9-A1AB-217177F67EA8}.Debug|x64.Build.0 = Debug|x64
		{B2022C3B-6449-47C9-A1AB-217177F67EA8}.Debug|x86.ActiveCfg = Debug|Win32
		{B2022C3B-6449-47C9-A1AB-217177F67EA8}.Debug|x86.Build.0 = Debug|Win32
		{B2022C3B-6449-47C9-A1AB-217177F67EA8}.MinSizeRel|Mixed Platforms.ActiveCfg = Release|Win32
		{B2022C3B-6449-47C9-A1AB-217177F67EA8}.MinSizeRel|Mixed Platforms.Build.0 = Release|Win32
		{B2022C3B-6449-47C9-A1AB-217177F67EA8}.MinSizeRel|Win32.ActiveCfg = Release|Win32
		{B2022C3B-6449-47C9-A1AB-217177F67EA8}.MinSizeRel|Win32.Build.0 = Release|Win32
		{B2022C3B-6449-47C9-A1AB-217177F67EA8}.MinSizeRel|x64.ActiveCfg = Release|x64
		{B2022C3B-6449-47C9-A1AB-217177F67EA8}.MinSizeRel|x64.Build.0 = Release|x64
		{B2022C3B-6449-47C9-A1AB-217177F67EA8}.MinSizeRel|x86.ActiveCfg = Release|Win32
		{B2022C3B-6449-47C9-A1AB-217177F67EA8}.MinSizeRel|x86.Build.0 = Release|Win32
		{B2022C3B-6449-47C9-A1AB-217177F67EA8}.Release|Mixed Platforms.ActiveCfg = Release|Win32
		{B2022C3B-6449-47C9-A1AB-217177F67EA8}.Release|Mixed Platforms.Build.0 = Release|Win32
		{B2022C3B-6449-47C9-A1AB-217177F67EA8}.Release|Win32.ActiveCfg = Release|Win32
		{B2022C3B-6449-47C9-A1AB-217177F67EA8}.Release|Win32.Build.0 = Release|Win32
		{B2022C3B-6449-47C9-A1AB-217177F67EA8}.Release|x64.ActiveCfg = Release|x64
		{B2022C3B-6449-47C9-A1AB-217177F67EA8}.Release|x64.Build.0 = Release|x64
		{B2022C3B-6449-47C9-A1AB-217177F67EA8}.Release|x86.ActiveCfg = Release|Win32
		{B2022C3B-6449-47C9-A1AB-217177F67EA8}.Release|x86.Build.0 = Release|Win32
		{B2022C3B-6449-47C9-A1AB-217177F67EA8}.RelWithDebInfo|Mixed Platforms.ActiveCfg = Release|Win32
		{B2022C3B-6449-47C9-A1AB-217177F67EA8}.RelWithDebInfo|Mixed Platforms.Build.0 = Release|Win32
		{B2022C3B-6449-47C9-A1AB-217177F67EA8}.RelWithDebInfo|Win32.ActiveCfg = Release|Win32
		{B2022C3B-6449-47C9-A1AB-217177F67EA8}.RelWithDebInfo|Win32.Build.0 = Release|Win32
		{B2022C3B-6449-47C9-A1AB-217177F67EA8}.RelWithDebInfo|x64.ActiveCfg = Release|x64
		{B2022C3B-6449-47C9-A1AB-217177F67EA8}.RelWithDebInfo|x64.Build.0 = Release|x64
		{B2022C3B-6449-47C9-A1AB-217177F67EA8}.RelWithDebInfo|x86.ActiveCfg = Release|Win32
		{B2022C3B-6449-47C9-A1AB-217177F67EA8}.RelWithDebInfo|x86.Build.0 = Release|Win32
		{BB45272C-D325-30B8-8F32-ED2494906133}.Debug|Mixed Platforms.ActiveCfg = Debug|Win32
		{BB45272C-D325-30B8-8F32-ED2494906133}.Debug|Mixed Platforms.Build.0 = Debug|Win32
		{BB45272C-D325-30B8-8F32-ED2494906133}.Debug|Win32.ActiveCfg = Debug|Win32
		{BB45272C-D325-30B8-8F32-ED2494906133}.Debug|Win32.Build.0 = Debug|Win32
		{BB45272C-D325-30B8-8F32-ED2494906133}.Debug|x64.ActiveCfg = Debug|Win32
		{BB45272C-D325-30B8-8F32-ED2494906133}.Debug|x86.ActiveCfg = Debug|Win32
		{BB45272C-D325-30B8-8F32-ED2494906133}.Debug|x86.Build.0 = Debug|Win32
		{BB45272C-D325-30B8-8F32-ED2494906133}.MinSizeRel|Mixed Platforms.ActiveCfg = MinSizeRel|Win32
		{BB45272C-D325-30B8-8F32-ED2494906133}.MinSizeRel|Mixed Platforms.Build.0 = MinSizeRel|Win32
		{BB45272C-D325-30B8-8F32-ED2494906133}.MinSizeRel|Win32.ActiveCfg = MinSizeRel|Win32
		{BB45272C-D325-30B8-8F32-ED2494906133}.MinSizeRel|Win32.Build.0 = MinSizeRel|Win32
		{BB45272C-D325-30B8-8F32-ED2494906133}.MinSizeRel|x64.ActiveCfg = MinSizeRel|Win32
		{BB45272C-D325-30B8-8F32-ED2494906133}.MinSizeRel|x86.ActiveCfg = MinSizeRel|Win32
		{BB45272C-D325-30B8-8F32-ED2494906133}.MinSizeRel|x86.Build.0 = MinSizeRel|Win32
		{BB45272C-D325-30B8-8F32-ED2494906133}.Release|Mixed Platforms.ActiveCfg = Release|Win32
		{BB45272C-D325-30B8-8F32-ED2494906133}.Release|Mixed Platforms.Build.0 = Release|Win32
		{BB45272C-D325-30B8-8F32-ED2494906133}.Release|Win32.ActiveCfg = Release|Win32
		{BB45272C-D325-30B8-8F32-ED2494906133}.Release|Win32.Build.0 = Release|Win32
		{BB45272C-D325-30B8-8F32-ED2494906133}.Release|x64.ActiveCfg = Release|Win32
		{BB45272C-D325-30B8-8F32-ED2494906133}.Release|x86.ActiveCfg = Release|Win32
		{BB45272C-D325-30B8-8F32-ED2494906133}.Release|x86.Build.0 = Release|Win32
		{BB45272C-D325-30B8-8F32-ED2494906133}.RelWithDebInfo|Mixed Platforms.ActiveCfg = RelWithDebInfo|Win32
		{BB45272C-D325-30B8-8F32-ED2494906133}.RelWithDebInfo|Mixed Platforms.Build.0 = RelWithDebInfo|Win32
		{BB45272C-D325-30B8-8F32-ED2494906133}.RelWithDebInfo|Win32.ActiveCfg = RelWithDebInfo|Win32
		{BB45272C-D325-30B8-8F32-ED2494906133}.RelWithDebInfo|Win32.Build.0 = RelWithDebInfo|Win32
		{BB45272C-D325-30B8-8F32-ED2494906133}.RelWithDebInfo|x64.ActiveCfg = RelWithDebInfo|Win32
		{BB45272C-D325-30B8-8F32-ED2494906133}.RelWithDebInfo|x86.ActiveCfg = RelWithDebInfo|Win32
		{BB45272C-D325-30B8-8F32-ED2494906133}.RelWithDebInfo|x86.Build.0 = RelWithDebInfo|Win32
		{7665F373-F1F9-4558-B282-05462AF54119}.Debug|Mixed Platforms.ActiveCfg = Debug|Win32
		{7665F373-F1F9-4558-B282-05462AF54119}.Debug|Mixed Platforms.Build.0 = Debug|Win32
		{7665F373-F1F9-4558-B282-05462AF54119}.Debug|Win32.ActiveCfg = Debug|Win32
		{7665F373-F1F9-4558-B282-05462AF54119}.Debug|Win32.Build.0 = Debug|Win32
		{7665F373-F1F9-4558-B282-05462AF54119}.Debug|x64.ActiveCfg = Debug|x64
		{7665F373-F1F9-4558-B282-05462AF54119}.Debug|x64.Build.0 = Debug|x64
		{7665F373-F1F9-4558-B282-05462AF54119}.Debug|x86.ActiveCfg = Debug|Win32
		{7665F373-F1F9-4558-B282-05462AF54119}.Debug|x86.Build.0 = Debug|Win32
		{7665F373-F1F9-4558-B282-05462AF54119}.MinSizeRel|Mixed Platforms.ActiveCfg = Release|Win32
		{7665F373-F1F9-4558-B282-05462AF54119}.MinSizeRel|Mixed Platforms.Build.0 = Release|Win32
		{7665F373-F1F9-4558-B282-05462AF54119}.MinSizeRel|Win32.ActiveCfg = Release|Win32
		{7665F373-F1F9-4558-B282-05462AF54119}.MinSizeRel|Win32.Build.0 = Release|Win32
		{7665F373-F1F9-4558-B282-05462AF54119}.MinSizeRel|x64.ActiveCfg = Release|x64
		{7665F373-F1F9-4558-B282-05462AF54119}.MinSizeRel|x64.Build.0 = Release|x64
		{7665F373-F1F9-4558-B282-05462AF54119}.MinSizeRel|x86.ActiveCfg = Release|Win32
		{7665F373-F1F9-4558-B282-05462AF54119}.MinSizeRel|x86.Build.0 = Release|Win32
		{7665F373-F1F9-4558-B282-05462AF54119}.Release|Mixed Platforms.ActiveCfg = Release|Win32
		{7665F373-F1F9-4558-B282-05462AF54119}.Release|Mixed Platforms.Build.0 = Release|Win32
		{7665F373-F1F9-4558-B282-05462AF54119}.Release|Win32.ActiveCfg = Release|Win32
		{7665F373-F1F9-4558-B282-05462AF54119}.Release|Win32.Build.0 = Release|Win32
		{7665F373-F1F9-4558-B282-05462AF54119}.Release|x64.ActiveCfg = Release|x64
		{7665F373-F1F9-4558-B282-05462AF54119}.Release|x64.Build.0 = Release|x64
		{7665F373-F1F9-4558-B282-05462AF54119}.Release|x86.ActiveCfg = Release|Win32
		{7665F373-F1F9-4558-B282-05462AF54119}.Release|x86.Build.0 = Release|Win32
		{7665F373-F1F9-4558-B282-05462AF54119}.RelWithDebInfo|Mixed Platforms.ActiveCfg = Release|Win32
		{7665F373-F1F9-4558-B282-05462AF54119}.RelWithDebInfo|Mixed Platforms.Build.0 = Release|Win32
		{7665F373-F1F9-4558-B282-05462AF54119}.RelWithDebInfo|Win32.ActiveCfg = Release|Win32
		{7665F373-F1F9-4558-B282-05462AF54119}.RelWithDebInfo|Win32.Build.0 = Release|Win32
		{7665F373-F1F9-4558-B282-05462AF54119}.RelWithDebInfo|x64.ActiveCfg = Release|x64
		{7665F373-F1F9-4558-B282-05462AF54119}.RelWithDebInfo|x64.Build.0 = Release|x64
		{7665F373-F1F9-4558-B282-05462AF54119}.RelWithDebInfo|x86.ActiveCfg = Release|Win32
		{7665F373-F1F9-4558-B282-05462AF54119}.RelWithDebInfo|x86.Build.0 = Release|Win32
		{F3ACC939-E315-496A-858E-E33E1338F89D}.Debug|Mixed Platforms.ActiveCfg = Debug|Win32
		{F3ACC939-E315-496A-858E-E33E1338F89D}.Debug|Mixed Platforms.Build.0 = Debug|Win32
		{F3ACC939-E315-496A-858E-E33E1338F89D}.Debug|Win32.ActiveCfg = Debug|Win32
		{F3ACC939-E315-496A-858E-E33E1338F89D}.Debug|Win32.Build.0 = Debug|Win32
		{F3ACC939-E315-496A-858E-E33E1338F89D}.Debug|x64.ActiveCfg = Debug|x64
		{F3ACC939-E315-496A-858E-E33E1338F89D}.Debug|x64.Build.0 = Debug|x64
		{F3ACC939-E315-496A-858E-E33E1338F89D}.Debug|x86.ActiveCfg = Debug|Win32
		{F3ACC939-E315-496A-858E-E33E1338F89D}.Debug|x86.Build.0 = Debug|Win32
		{F3ACC939-E315-496A-858E-E33E1338F89D}.MinSizeRel|Mixed Platforms.ActiveCfg = Release|Win32
		{F3ACC939-E315-496A-858E-E33E1338F89D}.MinSizeRel|Mixed Platforms.Build.0 = Release|Win32
		{F3ACC939-E315-496A-858E-E33E1338F89D}.MinSizeRel|Win32.ActiveCfg = Release|Win32
		{F3ACC939-E315-496A-858E-E33E1338F89D}.MinSizeRel|Win32.Build.0 = Release|Win32
		{F3ACC939-E315-496A-858E-E33E1338F89D}.MinSizeRel|x64.ActiveCfg = Release|x64
		{F3ACC939-E315-496A-858E-E33E1338F89D}.MinSizeRel|x64.Build.0 = Release|x64
		{F3ACC939-E315-496A-858E-E33E1338F89D}.MinSizeRel|x86.ActiveCfg = Release|Win32
		{F3ACC939-E315-496A-858E-E33E1338F89D}.MinSizeRel|x86.Build.0 = Release|Win32
		{F3ACC939-E315-496A-858E-E33E1338F89D}.Release|Mixed Platforms.ActiveCfg = Release|Win32
		{F3ACC939-E315-496A-858E-E33E1338F89D}.Release|Mixed Platforms.Build.0 = Release|Win32
		{F3ACC939-E315-496A-858E-E33E1338F89D}.Release|Win32.ActiveCfg = Release|Win32
		{F3ACC939-E315-496A-858E-E33E1338F89D}.Release|Win32.Build.0 = Release|Win32
		{F3ACC939-E315-496A-858E-E33E1338F89D}.Release|x64.ActiveCfg = Release|x64
		{F3ACC939-E315-496A-858E-E33E1338F89D}.Release|x64.Build.0 = Release|x64
		{F3ACC939-E315-496A-858E-E33E1338F89D}.Release|x86.ActiveCfg = Release|Win32
		{F3ACC939-E315-496A-858E-E33E1338F89D}.Release|x86.Build.0 = Release|Win32
		{F3ACC939-E315-496A-858E-E33E1338F89D}.RelWithDebInfo|Mixed Platforms.ActiveCfg = Release|Win32
		{F3ACC939-E315-496A-858E-E33E1338F89D}.RelWithDebInfo|Mixed Platforms.Build.0 = Release|Win32
		{F3ACC939-E315-496A-858E-E33E1338F89D}.RelWithDebInfo|Win32.ActiveCfg = Release|Win32
		{F3ACC939-E315-496A-858E-E33E1338F89D}.RelWithDebInfo|Win32.Build.0 = Release|Win32
		{F3ACC939-E315-496A-858E-E33E1338F89D}.RelWithDebInfo|x64.ActiveCfg = Release|x64
		{F3ACC939-E315-496A-858E-E33E1338F89D}.RelWithDebInfo|x64.Build.0 = Release|x64
		{F3ACC939-E315-496A-858E-E33E1338F89D}.RelWithDebInfo|x86.ActiveCfg = Release|Win32
		{F3ACC939-E315-496A-858E-E33E1338F89D}.RelWithDebInfo|x86.Build.0 = Release|Win32
	EndGlobalSection
	GlobalSection(SolutionProperties) = preSolution
		HideSolutionNode = FALSE
	EndGlobalSection
	GlobalSection(NestedProjects) = preSolution
		{1DEBB112-5404-4EF7-A76E-FC863778EFF9} = {103D6238-602C-455A-8CB5-F3B97A9064BC}
		{CB29A8D6-B2E8-40C9-BDAE-0C1B6058AFDF} = {86405515-4365-4C09-B31B-213D514112B2}
		{A011083E-7574-48B8-8EA6-DB825418F088} = {01E75FCD-305B-4CAF-9FBF-52492C9294DB}
		{074B46C4-DFD9-4505-A84F-7A32BE057E16} = {F2D13580-E68A-43E0-AFBA-91738BC082C9}
		{B5F066EE-B082-4A67-ACF4-BB4DF03A01D3} = {11D45BF4-CD7C-4263-A455-0F651065B59A}
		{11D45BF4-CD7C-4263-A455-0F651065B59A} = {105A7A4D-7EDD-42D9-B420-BB7C94CD9DAD}
		{B2022C3B-6449-47C9-A1AB-217177F67EA8} = {105A7A4D-7EDD-42D9-B420-BB7C94CD9DAD}
		{6FB026F0-9C75-40D5-BEFD-4F19BB560CE8} = {903E3C92-9F12-40CF-A430-B9D2B12B09A6}
		{C8FB8CF3-242B-467E-9EAD-52E82F3020CF} = {103D6238-602C-455A-8CB5-F3B97A9064BC}
		{BB45272C-D325-30B8-8F32-ED2494906133} = {C8FB8CF3-242B-467E-9EAD-52E82F3020CF}
		{7665F373-F1F9-4558-B282-05462AF54119} = {6FB026F0-9C75-40D5-BEFD-4F19BB560CE8}
		{F2D13580-E68A-43E0-AFBA-91738BC082C9} = {903E3C92-9F12-40CF-A430-B9D2B12B09A6}
		{F3ACC939-E315-496A-858E-E33E1338F89D} = {01E75FCD-305B-4CAF-9FBF-52492C9294DB}
	EndGlobalSection
EndGlobal
