<?xml version="1.0" encoding="utf-8"?>
<Project ToolsVersion="4.0" xmlns="http://schemas.microsoft.com/developer/msbuild/2003">
  <ItemGroup>
    <ClInclude Include="..\..\Source\Thirdparty\tgLib\SyntaxCompatible.h">
      <Filter>hpp</Filter>
    </ClInclude>
    <ClInclude Include="..\..\Source\Thirdparty\tgLib\auto_cast.h">
      <Filter>hpp</Filter>
    </ClInclude>
    <ClInclude Include="..\..\Source\Thirdparty\tgLib\Compiler.h">
      <Filter>hpp</Filter>
    </ClInclude>
    <ClInclude Include="..\..\Source\Thirdparty\tgLib\Graphics.h">
      <Filter>hpp</Filter>
    </ClInclude>
    <ClInclude Include="..\..\Source\Thirdparty\tgLib\Platform.h">
      <Filter>hpp</Filter>
    </ClInclude>
    <ClInclude Include="..\..\Source\Thirdparty\tgLib\Singleton.h">
      <Filter>hpp</Filter>
    </ClInclude>
    <ClInclude Include="..\..\Source\Thirdparty\tgLib\array_size.h">
      <Filter>hpp</Filter>
    </ClInclude>
  </ItemGroup>
  <ItemGroup>
    <Filter Include="hpp">
      <UniqueIdentifier>{571ea5ae-7124-4262-8f7b-a5f4183eee75}</UniqueIdentifier>
    </Filter>
  </ItemGroup>
</Project>