<?xml version="1.0" encoding="utf-8"?>
<Project ToolsVersion="4.0" xmlns="http://schemas.microsoft.com/developer/msbuild/2003">
  <ItemGroup>
    <Filter Include="Sources">
      <UniqueIdentifier>{e635204a-68f2-4e81-8a8a-74cc65a9c89f}</UniqueIdentifier>
    </Filter>
    <Filter Include="Sources\cpp">
      <UniqueIdentifier>{3dac1b70-32f5-4f23-9483-54f3628f4821}</UniqueIdentifier>
    </Filter>
    <Filter Include="Sources\hpp">
      <UniqueIdentifier>{bfe55632-aee8-4580-90fb-886e7a321c1d}</UniqueIdentifier>
    </Filter>
    <Filter Include="Sources\hpp\Abstract">
      <UniqueIdentifier>{90d23928-0563-4ffa-94f8-109c1dcf8a78}</UniqueIdentifier>
    </Filter>
    <Filter Include="Sources\hpp\Windows">
      <UniqueIdentifier>{ec20fd82-11b2-4700-8a56-8bd819134d52}</UniqueIdentifier>
    </Filter>
    <Filter Include="Sources\hpp\PrecompiledHeader">
      <UniqueIdentifier>{d8038e59-57c9-4e00-9f2b-5f8129d92d5e}</UniqueIdentifier>
    </Filter>
    <Filter Include="Sources\hpp\Windows\Utility">
      <UniqueIdentifier>{cbdf9c89-3b5e-4cc6-a031-5a0f85c31091}</UniqueIdentifier>
    </Filter>
    <Filter Include="Sources\cpp\Abstract">
      <UniqueIdentifier>{a1f6afbb-001a-4d60-a4d5-dcf7b58298cd}</UniqueIdentifier>
    </Filter>
    <Filter Include="Sources\cpp\PrecompiledHeader">
      <UniqueIdentifier>{f96281ab-f0bf-416d-b613-ec2d9e9890b3}</UniqueIdentifier>
    </Filter>
    <Filter Include="Sources\cpp\Windows">
      <UniqueIdentifier>{327108db-1cd1-43f1-977b-f19a9a3d3938}</UniqueIdentifier>
    </Filter>
    <Filter Include="Sources\cpp\Windows\Utility">
      <UniqueIdentifier>{01185061-305c-4032-a259-b1276f68e115}</UniqueIdentifier>
    </Filter>
    <Filter Include="Sources\hpp\Typedef">
      <UniqueIdentifier>{f5d24c7f-ac4f-489b-9d45-ae589e2580df}</UniqueIdentifier>
    </Filter>
    <Filter Include="Sources\hpp\Candidate">
      <UniqueIdentifier>{cd7dbf28-b48c-4153-8a82-d95639ed62e7}</UniqueIdentifier>
    </Filter>
  </ItemGroup>
  <ItemGroup>
    <ClCompile Include="..\..\Source\TGON\Platform\TConsole.cpp">
      <Filter>Sources\cpp</Filter>
    </ClCompile>
    <ClCompile Include="..\..\Source\TGON\Platform\TTime.cpp">
      <Filter>Sources\cpp</Filter>
    </ClCompile>
    <ClCompile Include="..\..\Source\TGON\Platform\TWindow.cpp">
      <Filter>Sources\cpp</Filter>
    </ClCompile>
    <ClCompile Include="..\..\Source\TGON\PrecompiledHeader.cpp">
      <Filter>Sources\cpp\PrecompiledHeader</Filter>
    </ClCompile>
    <ClCompile Include="..\..\Source\TGON\Platform\Windows\WindowsApplication.cpp">
      <Filter>Sources\cpp\Windows</Filter>
    </ClCompile>
    <ClCompile Include="..\..\Source\TGON\Platform\Windows\WindowsConsole.cpp">
      <Filter>Sources\cpp\Windows</Filter>
    </ClCompile>
    <ClCompile Include="..\..\Source\TGON\Platform\Windows\WindowsMain.cpp">
      <Filter>Sources\cpp\Windows</Filter>
    </ClCompile>
    <ClCompile Include="..\..\Source\TGON\Platform\Windows\WindowsScreen.cpp">
      <Filter>Sources\cpp\Windows</Filter>
    </ClCompile>
    <ClCompile Include="..\..\Source\TGON\Platform\Windows\WindowsTime.cpp">
      <Filter>Sources\cpp\Windows</Filter>
    </ClCompile>
    <ClCompile Include="..\..\Source\TGON\Platform\Windows\WindowsWindow.cpp">
      <Filter>Sources\cpp\Windows</Filter>
    </ClCompile>
    <ClCompile Include="..\..\Source\TGON\Platform\Windows\Utility\WindowsWindowUtility.cpp">
      <Filter>Sources\cpp\Windows\Utility</Filter>
    </ClCompile>
    <ClCompile Include="..\..\Source\TGON\Platform\Windows\Utility\MiniDump.cpp">
      <Filter>Sources\cpp\Windows\Utility</Filter>
    </ClCompile>
    <ClCompile Include="..\..\Source\TGON\Platform\WindowStyle.cpp">
      <Filter>Sources\cpp</Filter>
    </ClCompile>
    <ClCompile Include="..\..\Source\TGON\Platform\Abstract\AWindow.cpp">
      <Filter>Sources\cpp\Abstract</Filter>
    </ClCompile>
  </ItemGroup>
  <ItemGroup>
    <ClInclude Include="..\..\Source\TGON\Platform\Abstract\ATime.h">
      <Filter>Sources\hpp\Abstract</Filter>
    </ClInclude>
    <ClInclude Include="..\..\Source\TGON\Platform\Abstract\AScreen.h">
      <Filter>Sources\hpp\Abstract</Filter>
    </ClInclude>
    <ClInclude Include="..\..\Source\TGON\Platform\Abstract\AApplication.h">
      <Filter>Sources\hpp\Abstract</Filter>
    </ClInclude>
    <ClInclude Include="..\..\Source\TGON\Platform\Abstract\AWindowEventHandler.h">
      <Filter>Sources\hpp\Abstract</Filter>
    </ClInclude>
    <ClInclude Include="..\..\Source\TGON\Platform\Abstract\AWindow.h">
      <Filter>Sources\hpp\Abstract</Filter>
    </ClInclude>
    <ClInclude Include="..\..\Source\TGON\Platform\Platform\PlatformScreen.h">
      <Filter>Sources\hpp\Candidate</Filter>
    </ClInclude>
    <ClInclude Include="..\..\Source\TGON\Platform\Platform\PlatformSIMD.h">
      <Filter>Sources\hpp\Candidate</Filter>
    </ClInclude>
    <ClInclude Include="..\..\Source\TGON\Platform\Platform\PlatformTime.h">
      <Filter>Sources\hpp\Candidate</Filter>
    </ClInclude>
    <ClInclude Include="..\..\Source\TGON\Platform\Platform\PlatformWindow.h">
      <Filter>Sources\hpp\Candidate</Filter>
    </ClInclude>
    <ClInclude Include="..\..\Source\TGON\Platform\Platform\PlatformApplication.h">
      <Filter>Sources\hpp\Candidate</Filter>
    </ClInclude>
    <ClInclude Include="..\..\Source\TGON\Platform\Platform\PlatformConsole.h">
      <Filter>Sources\hpp\Candidate</Filter>
    </ClInclude>
    <ClInclude Include="..\..\Source\TGON\Platform\Platform\PlatformFwd.h">
      <Filter>Sources\hpp\Candidate</Filter>
    </ClInclude>
    <ClInclude Include="..\..\Source\TGON\Platform\Platform\PlatformMath.h">
      <Filter>Sources\hpp\Candidate</Filter>
    </ClInclude>
    <ClInclude Include="..\..\Source\TGON\Platform\Platform\PlatformProperty.h">
      <Filter>Sources\hpp\Candidate</Filter>
    </ClInclude>
    <ClInclude Include="..\..\Source\TGON\Platform\TApplication.h">
      <Filter>Sources\hpp</Filter>
    </ClInclude>
    <ClInclude Include="..\..\Source\TGON\Platform\TConsole.h">
      <Filter>Sources\hpp</Filter>
    </ClInclude>
    <ClInclude Include="..\..\Source\TGON\Platform\TMain.h">
      <Filter>Sources\hpp</Filter>
    </ClInclude>
    <ClInclude Include="..\..\Source\TGON\Platform\TScreen.h">
      <Filter>Sources\hpp</Filter>
    </ClInclude>
    <ClInclude Include="..\..\Source\TGON\Platform\TTime.h">
      <Filter>Sources\hpp</Filter>
    </ClInclude>
    <ClInclude Include="..\..\Source\TGON\Platform\TWindow.h">
      <Filter>Sources\hpp</Filter>
    </ClInclude>
    <ClInclude Include="..\..\Source\TGON\Platform\Windows\WindowsApplication.h">
      <Filter>Sources\hpp\Windows</Filter>
    </ClInclude>
    <ClInclude Include="..\..\Source\TGON\Platform\Windows\WindowsConsole.h">
      <Filter>Sources\hpp\Windows</Filter>
    </ClInclude>
    <ClInclude Include="..\..\Source\TGON\Platform\Windows\WindowsProperty.h">
      <Filter>Sources\hpp\Windows</Filter>
    </ClInclude>
    <ClInclude Include="..\..\Source\TGON\Platform\Windows\WindowsScreen.h">
      <Filter>Sources\hpp\Windows</Filter>
    </ClInclude>
    <ClInclude Include="..\..\Source\TGON\Platform\Windows\WindowsTime.h">
      <Filter>Sources\hpp\Windows</Filter>
    </ClInclude>
    <ClInclude Include="..\..\Source\TGON\Platform\Windows\WindowsWindow.h">
      <Filter>Sources\hpp\Windows</Filter>
    </ClInclude>
    <ClInclude Include="..\..\Source\TGON\PrecompiledHeader.h">
      <Filter>Sources\hpp\PrecompiledHeader</Filter>
    </ClInclude>
    <ClInclude Include="..\..\Source\TGON\Platform\BuildConfig.h">
      <Filter>Sources\hpp</Filter>
    </ClInclude>
    <ClInclude Include="..\..\Source\TGON\Platform\Windows\Utility\shared_comptr.h">
      <Filter>Sources\hpp\Windows\Utility</Filter>
    </ClInclude>
    <ClInclude Include="..\..\Source\TGON\Platform\Windows\Utility\unique_comptr.h">
      <Filter>Sources\hpp\Windows\Utility</Filter>
    </ClInclude>
    <ClInclude Include="..\..\Source\TGON\Platform\Windows\Utility\WindowsWindowUtility.h">
      <Filter>Sources\hpp\Windows\Utility</Filter>
    </ClInclude>
    <ClInclude Include="..\..\Source\TGON\Platform\Windows\Utility\HDCGuard.h">
      <Filter>Sources\hpp\Windows\Utility</Filter>
    </ClInclude>
    <ClInclude Include="..\..\Source\TGON\Platform\Windows\Utility\MiniDump.h">
      <Filter>Sources\hpp\Windows\Utility</Filter>
    </ClInclude>
    <ClInclude Include="..\..\Source\TGON\Platform\Typedef\TimeType.h">
      <Filter>Sources\hpp\Typedef</Filter>
    </ClInclude>
    <ClInclude Include="..\..\Source\TGON\Platform\Typedef\ApplicationType.h">
      <Filter>Sources\hpp\Typedef</Filter>
    </ClInclude>
    <ClInclude Include="..\..\Source\TGON\Platform\Abstract\AConsole.h">
      <Filter>Sources\hpp\Abstract</Filter>
    </ClInclude>
    <ClInclude Include="..\..\Source\TGON\Platform\Windows\WindowsApplicationType.h">
      <Filter>Sources\hpp\Windows</Filter>
    </ClInclude>
    <ClInclude Include="..\..\Source\TGON\Platform\WindowStyle.h">
      <Filter>Sources\hpp</Filter>
    </ClInclude>
  </ItemGroup>
</Project>