<?xml version="1.0" encoding="utf-8"?>
<Project ToolsVersion="4.0" xmlns="http://schemas.microsoft.com/developer/msbuild/2003">
  <ItemGroup>
    <Filter Include="Sources">
      <UniqueIdentifier>{93f13029-2300-4f1a-b334-24109ff964a3}</UniqueIdentifier>
    </Filter>
    <Filter Include="Sources\Camera">
      <UniqueIdentifier>{fe0db997-e3d3-49a5-a053-c0d7be149510}</UniqueIdentifier>
    </Filter>
    <Filter Include="Sources\PrecompiledHeader">
      <UniqueIdentifier>{58a07954-fc0b-4773-8d92-376fceea52b3}</UniqueIdentifier>
    </Filter>
    <Filter Include="Sources\PrecompiledHeader\cpp">
      <UniqueIdentifier>{dcba739d-90cb-48a3-91da-37452181c1a7}</UniqueIdentifier>
    </Filter>
    <Filter Include="Sources\PrecompiledHeader\hpp">
      <UniqueIdentifier>{147d8431-7faf-401b-9d83-7e8ee29130ed}</UniqueIdentifier>
    </Filter>
    <Filter Include="Sources\Component">
      <UniqueIdentifier>{2c5564ac-3c30-4a59-8031-6abdd4694f49}</UniqueIdentifier>
    </Filter>
    <Filter Include="Sources\Component\cpp">
      <UniqueIdentifier>{407ea71d-586b-4d07-bc01-10bce5a70a74}</UniqueIdentifier>
    </Filter>
    <Filter Include="Sources\Component\hpp">
      <UniqueIdentifier>{b63229cb-fdf4-4012-ac50-ad90ccf96e98}</UniqueIdentifier>
    </Filter>
    <Filter Include="Sources\GameWorld">
      <UniqueIdentifier>{1f58394d-529e-4b9e-a8a9-cdbd20d37706}</UniqueIdentifier>
    </Filter>
    <Filter Include="Sources\Application">
      <UniqueIdentifier>{d5d09f39-96de-4ea2-89ae-38f5438e5602}</UniqueIdentifier>
    </Filter>
    <Filter Include="Sources\Object">
      <UniqueIdentifier>{58de4b37-2a7e-4925-bd0f-54ebea44347d}</UniqueIdentifier>
    </Filter>
    <Filter Include="Sources\Object\hpp">
      <UniqueIdentifier>{6862b4eb-faf7-4922-bd3c-fc5dfcd26aa8}</UniqueIdentifier>
    </Filter>
    <Filter Include="Sources\Object\cpp">
      <UniqueIdentifier>{d8dc6b88-dd16-466f-b21e-e06a2ad03271}</UniqueIdentifier>
    </Filter>
  </ItemGroup>
  <ItemGroup>
    <ClInclude Include="..\..\Source\TGON\PrecompiledHeader.h">
      <Filter>Sources\PrecompiledHeader\hpp</Filter>
    </ClInclude>
    <ClInclude Include="..\..\Source\TGON\GameCore\World\TGameWorld.h">
      <Filter>Sources\GameWorld</Filter>
    </ClInclude>
    <ClInclude Include="..\..\Source\TGON\GameCore\Object\IComparable.h">
      <Filter>Sources\Object\hpp</Filter>
    </ClInclude>
    <ClInclude Include="..\..\Source\TGON\GameCore\Object\TGameCamera.h">
      <Filter>Sources\Object\hpp</Filter>
    </ClInclude>
    <ClInclude Include="..\..\Source\TGON\GameCore\Object\TGameObject.h">
      <Filter>Sources\Object\hpp</Filter>
    </ClInclude>
    <ClInclude Include="..\..\Source\TGON\GameCore\Component\IComponent.h">
      <Filter>Sources\Component\hpp</Filter>
    </ClInclude>
    <ClInclude Include="..\..\Source\TGON\GameCore\Component\TransformComponent.h">
      <Filter>Sources\Component\hpp</Filter>
    </ClInclude>
  </ItemGroup>
  <ItemGroup>
    <ClCompile Include="..\..\Source\TGON\PrecompiledHeader.cpp">
      <Filter>Sources\PrecompiledHeader\cpp</Filter>
    </ClCompile>
    <ClCompile Include="..\..\Source\TGON\GameCore\World\TGameWorld.cpp">
      <Filter>Sources\GameWorld</Filter>
    </ClCompile>
    <ClCompile Include="..\..\Source\TGON\GameCore\Object\TGameCamera.cpp">
      <Filter>Sources\Object\cpp</Filter>
    </ClCompile>
    <ClCompile Include="..\..\Source\TGON\GameCore\Object\TGameObject.cpp">
      <Filter>Sources\Object\cpp</Filter>
    </ClCompile>
    <ClCompile Include="..\..\Source\TGON\GameCore\Component\IComponent.cpp">
      <Filter>Sources\Component\cpp</Filter>
    </ClCompile>
    <ClCompile Include="..\..\Source\TGON\GameCore\Component\TransformComponent.cpp">
      <Filter>Sources\Component\cpp</Filter>
    </ClCompile>
  </ItemGroup>
</Project>