<?xml version="1.0" encoding="utf-8"?>
<Project ToolsVersion="4.0" xmlns="http://schemas.microsoft.com/developer/msbuild/2003">
  <ItemGroup>
    <Filter Include="cpp">
      <UniqueIdentifier>{2777c139-60a2-45f5-bdd9-2d8f89f275b8}</UniqueIdentifier>
      <Extensions>c;cpp;</Extensions>
    </Filter>
    <Filter Include="cpp\PrecompiledHeader">
      <UniqueIdentifier>{679334bd-4eb3-4a5a-b4bd-5804ba57e2bc}</UniqueIdentifier>
    </Filter>
    <Filter Include="hpp">
      <UniqueIdentifier>{90f846ab-19cb-43cb-ace5-86a462f55abe}</UniqueIdentifier>
      <Extensions>h;hpp;</Extensions>
    </Filter>
    <Filter Include="hpp\PrecompiledHeader">
      <UniqueIdentifier>{fc2c1d4d-afce-4a7e-b52d-f62e45e31efc}</UniqueIdentifier>
    </Filter>
    <Filter Include="cpp\Engine">
      <UniqueIdentifier>{c7e0de9d-018d-4b53-baaa-9750f603fcea}</UniqueIdentifier>
    </Filter>
    <Filter Include="hpp\Engine">
      <UniqueIdentifier>{d24a756f-00eb-4159-82d7-2f39df6616f9}</UniqueIdentifier>
    </Filter>
    <Filter Include="hpp\System">
      <UniqueIdentifier>{e0bf41aa-a06e-433e-b4bf-535840fb89b6}</UniqueIdentifier>
    </Filter>
    <Filter Include="cpp\System">
      <UniqueIdentifier>{63741953-49ba-4922-9750-b1c4284e1b7a}</UniqueIdentifier>
    </Filter>
    <Filter Include="hpp\System\Interface">
      <UniqueIdentifier>{b02b2e36-5570-4929-9af8-85ed8f0e8dfd}</UniqueIdentifier>
    </Filter>
  </ItemGroup>
  <ItemGroup>
    <ClCompile Include="..\..\Source\TGON\System\WindowSystem.cpp">
      <Filter>cpp\System</Filter>
    </ClCompile>
    <ClCompile Include="..\..\Source\TGON\System\TCoreEngine.cpp">
      <Filter>cpp\Engine</Filter>
    </ClCompile>
    <ClCompile Include="..\..\Source\TGON\System\TimeSystem.cpp">
      <Filter>cpp\System</Filter>
    </ClCompile>
    <ClCompile Include="..\..\Source\TGON\System\SystemManager.cpp">
      <Filter>cpp\System</Filter>
    </ClCompile>
    <ClCompile Include="..\..\Source\TGON\System\SceneSystem.cpp">
      <Filter>cpp</Filter>
    </ClCompile>
    <ClCompile Include="..\..\Source\TGON\System\GraphicsSystem.cpp">
      <Filter>cpp</Filter>
    </ClCompile>
    <ClCompile Include="..\..\Source\TGON\Scene\DefaultScene.cpp">
      <Filter>cpp</Filter>
    </ClCompile>
    <ClCompile Include="..\..\Source\TGON\PrecompiledHeader.cpp">
      <Filter>cpp\PrecompiledHeader</Filter>
    </ClCompile>
    <ClCompile Include="TContext.cpp">
      <Filter>cpp</Filter>
    </ClCompile>
  </ItemGroup>
  <ItemGroup>
    <ClInclude Include="..\..\Source\TGON\PrecompiledHeader.h">
      <Filter>hpp\PrecompiledHeader</Filter>
    </ClInclude>
    <ClInclude Include="..\..\Source\TGON\System\WindowSystem.h">
      <Filter>hpp\System</Filter>
    </ClInclude>
    <ClInclude Include="..\..\Source\TGON\System\ISystem.h">
      <Filter>hpp\System\Interface</Filter>
    </ClInclude>
    <ClInclude Include="..\..\Source\TGON\System\TCoreEngine.h">
      <Filter>hpp\Engine</Filter>
    </ClInclude>
    <ClInclude Include="..\..\Source\TGON\System\TimeSystem.h">
      <Filter>hpp\System</Filter>
    </ClInclude>
    <ClInclude Include="..\..\Source\TGON\System\SceneSystem.h">
      <Filter>hpp</Filter>
    </ClInclude>
    <ClInclude Include="..\..\Source\TGON\System\GraphicsSystem.h">
      <Filter>hpp</Filter>
    </ClInclude>
    <ClInclude Include="..\..\Source\TGON\Scene\DefaultScene.h">
      <Filter>hpp</Filter>
    </ClInclude>
    <ClInclude Include="TContext.h">
      <Filter>hpp</Filter>
    </ClInclude>
  </ItemGroup>
</Project>