<?xml version="1.0" encoding="utf-8"?>
<Project ToolsVersion="4.0" xmlns="http://schemas.microsoft.com/developer/msbuild/2003">
  <ItemGroup>
    <Filter Include="Sources">
      <UniqueIdentifier>{c010ece4-f856-4269-b350-295bc9a97ebd}</UniqueIdentifier>
    </Filter>
    <Filter Include="Sources\Core">
      <UniqueIdentifier>{865ba0a5-5b13-404d-8854-b4fb3af0d45c}</UniqueIdentifier>
    </Filter>
    <Filter Include="Sources\Core\cpp">
      <UniqueIdentifier>{f5776c95-6a53-4d22-998e-eca9c8d392d5}</UniqueIdentifier>
    </Filter>
    <Filter Include="Sources\Core\hpp">
      <UniqueIdentifier>{f56478e6-2f2a-4292-afa4-e95f9999d747}</UniqueIdentifier>
    </Filter>
    <Filter Include="Sources\Error">
      <UniqueIdentifier>{11bcc1c2-ff26-4e77-8eb8-44a926b0e080}</UniqueIdentifier>
    </Filter>
    <Filter Include="Sources\Error\cpp">
      <UniqueIdentifier>{712a1f88-060a-4c8d-b8b5-a3786681493e}</UniqueIdentifier>
    </Filter>
    <Filter Include="Sources\Error\hpp">
      <UniqueIdentifier>{702c99d7-8537-440f-ac80-77c3e3fa4795}</UniqueIdentifier>
    </Filter>
    <Filter Include="Sources\Math">
      <UniqueIdentifier>{de4ad1a4-9588-4fc2-805c-5f8a4bb16b78}</UniqueIdentifier>
    </Filter>
    <Filter Include="Sources\Math\cpp">
      <UniqueIdentifier>{c0834393-5c1e-4029-af96-79ec5486cfc3}</UniqueIdentifier>
    </Filter>
    <Filter Include="Sources\Math\hpp">
      <UniqueIdentifier>{2e2c6fa0-b044-4144-a25f-3fcfe10521ef}</UniqueIdentifier>
    </Filter>
    <Filter Include="Sources\PrecompiledHeader">
      <UniqueIdentifier>{baeb6555-1e1a-415c-ad1d-fc9fd3476786}</UniqueIdentifier>
    </Filter>
    <Filter Include="Sources\String">
      <UniqueIdentifier>{ce431be6-b3ce-46f5-a00e-3780ccce44e5}</UniqueIdentifier>
    </Filter>
    <Filter Include="Sources\XML">
      <UniqueIdentifier>{1ae5b300-7dd9-476b-8326-73fc49260ef8}</UniqueIdentifier>
    </Filter>
    <Filter Include="Sources\XML\hpp">
      <UniqueIdentifier>{3b05eb64-f068-4d23-bebc-385918e18cd7}</UniqueIdentifier>
    </Filter>
    <Filter Include="Sources\XML\cpp">
      <UniqueIdentifier>{abf8370b-fee5-4eb4-ab0a-5d877abece49}</UniqueIdentifier>
    </Filter>
  </ItemGroup>
  <ItemGroup>
    <ClCompile Include="..\..\Source\TGON\Core\Math\TMath.cpp">
      <Filter>Sources\Math\cpp</Filter>
    </ClCompile>
    <ClCompile Include="..\..\Source\TGON\Core\Math\TMatrix3x3.cpp">
      <Filter>Sources\Math\cpp</Filter>
    </ClCompile>
    <ClCompile Include="..\..\Source\TGON\Core\Math\TMatrix4x4.cpp">
      <Filter>Sources\Math\cpp</Filter>
    </ClCompile>
    <ClCompile Include="..\..\Source\TGON\Core\Math\TQuaternion.cpp">
      <Filter>Sources\Math\cpp</Filter>
    </ClCompile>
    <ClCompile Include="..\..\Source\TGON\Core\Math\TRandom.cpp">
      <Filter>Sources\Math\cpp</Filter>
    </ClCompile>
    <ClCompile Include="..\..\Source\TGON\Core\Math\TVector3.cpp">
      <Filter>Sources\Math\cpp</Filter>
    </ClCompile>
    <ClCompile Include="..\..\Source\TGON\Core\StringHash.cpp">
      <Filter>Sources\Core\cpp</Filter>
    </ClCompile>
    <ClCompile Include="..\..\Source\TGON\Core\Error\ErrCode.cpp">
      <Filter>Sources\Error\cpp</Filter>
    </ClCompile>
    <ClCompile Include="..\..\Source\TGON\PrecompiledHeader.cpp">
      <Filter>Sources\PrecompiledHeader</Filter>
    </ClCompile>
    <ClCompile Include="..\..\Source\TGON\Core\String\TString.cpp">
      <Filter>Sources\String</Filter>
    </ClCompile>
    <ClCompile Include="..\..\Source\TGON\Core\XML\TXMLReader.cpp">
      <Filter>Sources\XML\hpp</Filter>
    </ClCompile>
  </ItemGroup>
  <ItemGroup>
    <ClInclude Include="..\..\Source\TGON\PrecompiledHeader.h">
      <Filter>Sources\PrecompiledHeader</Filter>
    </ClInclude>
    <ClInclude Include="..\..\Source\TGON\Core\String\TString.h">
      <Filter>Sources\String</Filter>
    </ClInclude>
    <ClInclude Include="..\..\Source\TGON\Core\Math\TMath.h">
      <Filter>Sources\Math\hpp</Filter>
    </ClInclude>
    <ClInclude Include="..\..\Source\TGON\Core\Math\TMatrix3x3.h">
      <Filter>Sources\Math\hpp</Filter>
    </ClInclude>
    <ClInclude Include="..\..\Source\TGON\Core\Math\TMatrix4x4.h">
      <Filter>Sources\Math\hpp</Filter>
    </ClInclude>
    <ClInclude Include="..\..\Source\TGON\Core\Math\TQuaternion.h">
      <Filter>Sources\Math\hpp</Filter>
    </ClInclude>
    <ClInclude Include="..\..\Source\TGON\Core\Math\TRandom.h">
      <Filter>Sources\Math\hpp</Filter>
    </ClInclude>
    <ClInclude Include="..\..\Source\TGON\Core\Math\TVector3.h">
      <Filter>Sources\Math\hpp</Filter>
    </ClInclude>
    <ClInclude Include="..\..\Source\TGON\Core\Error\ErrCode.h">
      <Filter>Sources\Error\hpp</Filter>
    </ClInclude>
    <ClInclude Include="..\..\Source\TGON\Core\Error\ErrCodeUtil.h">
      <Filter>Sources\Error\hpp</Filter>
    </ClInclude>
    <ClInclude Include="..\..\Source\TGON\Core\TypeId.h">
      <Filter>Sources\Core\hpp</Filter>
    </ClInclude>
    <ClInclude Include="..\..\Source\TGON\Core\StringHash.h">
      <Filter>Sources\Core\hpp</Filter>
    </ClInclude>
    <ClInclude Include="..\..\Source\TGON\Core\TNoncopyable.h">
      <Filter>Sources\Core\hpp</Filter>
    </ClInclude>
    <ClInclude Include="..\..\Source\TGON\Core\TObject.h">
      <Filter>Sources\Core\hpp</Filter>
    </ClInclude>
    <ClInclude Include="..\..\Source\TGON\Utility\tglib.h">
      <Filter>Sources</Filter>
    </ClInclude>
    <ClInclude Include="..\..\Source\TGON\Core\XML\TXMLReader.h">
      <Filter>Sources\XML\cpp</Filter>
    </ClInclude>
  </ItemGroup>
</Project>