<?xml version="1.0" encoding="utf-8"?>
<Project ToolsVersion="4.0" xmlns="http://schemas.microsoft.com/developer/msbuild/2003">
  <ItemGroup>
    <Filter Include="cpp">
      <UniqueIdentifier>{f66218f1-4e0e-4ef3-ac63-f546011ba36b}</UniqueIdentifier>
      <Extensions>c;cpp;</Extensions>
    </Filter>
    <Filter Include="cpp\PrecompiledHeader">
      <UniqueIdentifier>{fb4ee076-6f82-49bb-ba83-20c194c88daf}</UniqueIdentifier>
    </Filter>
    <Filter Include="hpp">
      <UniqueIdentifier>{402e4741-a5ad-412b-a9cb-3118498425ef}</UniqueIdentifier>
      <Extensions>h;hpp</Extensions>
    </Filter>
    <Filter Include="hpp\PrecompiledHeader">
      <UniqueIdentifier>{baeb6555-1e1a-415c-ad1d-fc9fd3476786}</UniqueIdentifier>
    </Filter>
    <Filter Include="cpp\XML">
      <UniqueIdentifier>{239f0d29-f3aa-43fc-b768-dfcf46d8f64f}</UniqueIdentifier>
    </Filter>
    <Filter Include="cpp\String">
      <UniqueIdentifier>{074ef806-c4b9-4272-a63b-719ad3483621}</UniqueIdentifier>
    </Filter>
    <Filter Include="cpp\Math">
      <UniqueIdentifier>{255089ba-94af-4830-bb5b-fb421c8f06b9}</UniqueIdentifier>
    </Filter>
    <Filter Include="hpp\Font">
      <UniqueIdentifier>{6818217b-07f7-4d95-b0ea-7e622b956c66}</UniqueIdentifier>
    </Filter>
    <Filter Include="hpp\Utility">
      <UniqueIdentifier>{cc371d9a-28eb-4062-beab-6f89373c117c}</UniqueIdentifier>
    </Filter>
    <Filter Include="hpp\XML">
      <UniqueIdentifier>{543c1723-1cd5-4ff6-8a03-330c19ac9ae0}</UniqueIdentifier>
    </Filter>
    <Filter Include="hpp\Component">
      <UniqueIdentifier>{1c4dd76c-fd2b-4505-a95f-75d78f7ad4d5}</UniqueIdentifier>
    </Filter>
    <Filter Include="hpp\String">
      <UniqueIdentifier>{ce431be6-b3ce-46f5-a00e-3780ccce44e5}</UniqueIdentifier>
    </Filter>
    <Filter Include="cpp\Component">
      <UniqueIdentifier>{63e744c4-4a38-4a9e-9ff0-73aaf73c1c77}</UniqueIdentifier>
    </Filter>
    <Filter Include="hpp\Core">
      <UniqueIdentifier>{865ba0a5-5b13-404d-8854-b4fb3af0d45c}</UniqueIdentifier>
    </Filter>
    <Filter Include="cpp\Core">
      <UniqueIdentifier>{c0d0bfaa-5aa3-444a-9dac-1a6638e07028}</UniqueIdentifier>
    </Filter>
    <Filter Include="cpp\Font">
      <UniqueIdentifier>{bb6d95b9-5b17-4cfb-a090-b99114cd52d2}</UniqueIdentifier>
    </Filter>
    <Filter Include="hpp\Error">
      <UniqueIdentifier>{11bcc1c2-ff26-4e77-8eb8-44a926b0e080}</UniqueIdentifier>
    </Filter>
    <Filter Include="cpp\Error">
      <UniqueIdentifier>{e01f4bbf-21a5-4c7b-94ef-6b9aee1c5840}</UniqueIdentifier>
    </Filter>
    <Filter Include="cpp\Math\Generic">
      <UniqueIdentifier>{e4e3e948-3ee7-4c1b-85f4-d3a3ff031556}</UniqueIdentifier>
    </Filter>
    <Filter Include="cpp\Math\Windows">
      <UniqueIdentifier>{a6a8954d-f04a-4d10-ba72-7ba9e168125a}</UniqueIdentifier>
    </Filter>
    <Filter Include="cpp\Graphics">
      <UniqueIdentifier>{1c1c5e35-42ec-40f7-baf8-ac8fa21527f5}</UniqueIdentifier>
    </Filter>
    <Filter Include="hpp\Graphics">
      <UniqueIdentifier>{04099287-5a36-45c3-ac93-f48cf77d4400}</UniqueIdentifier>
    </Filter>
    <Filter Include="hpp\Graphics\Interface">
      <UniqueIdentifier>{19516d59-a464-4146-94bf-adbd44d2719d}</UniqueIdentifier>
    </Filter>
    <Filter Include="hpp\Graphics\Direct3D9">
      <UniqueIdentifier>{ef2defee-8742-473a-bb21-3bdd18d53111}</UniqueIdentifier>
    </Filter>
    <Filter Include="cpp\Graphics\Direct3D9">
      <UniqueIdentifier>{25357fa0-21f4-4f4a-bc2d-ced3af454cb8}</UniqueIdentifier>
    </Filter>
    <Filter Include="hpp\Math">
      <UniqueIdentifier>{de4ad1a4-9588-4fc2-805c-5f8a4bb16b78}</UniqueIdentifier>
    </Filter>
    <Filter Include="hpp\Math\Generic">
      <UniqueIdentifier>{5c3c6d55-72bc-4dba-98b3-f5484b96dce5}</UniqueIdentifier>
    </Filter>
    <Filter Include="hpp\Math\Windows">
      <UniqueIdentifier>{1fa73270-af04-4dd3-a1da-96df2bb5496c}</UniqueIdentifier>
    </Filter>
  </ItemGroup>
  <ItemGroup>
    <ClCompile Include="..\..\Source\TGON\PrecompiledHeader.cpp">
      <Filter>cpp\PrecompiledHeader</Filter>
    </ClCompile>
    <ClCompile Include="..\..\Source\TGON\String\TString.cpp">
      <Filter>cpp\String</Filter>
    </ClCompile>
    <ClCompile Include="..\..\Source\TGON\XML\TXML.cpp">
      <Filter>cpp\XML</Filter>
    </ClCompile>
    <ClCompile Include="..\..\Source\Thirdparty\tinyxml2\tinyxml2_wchar_t.cpp">
      <Filter>hpp\XML</Filter>
    </ClCompile>
    <ClCompile Include="..\..\Source\TGON\Component\IComponent.cpp">
      <Filter>hpp\Component</Filter>
    </ClCompile>
    <ClCompile Include="..\..\Source\TGON\Component\SpriteComponent.cpp">
      <Filter>cpp\Component</Filter>
    </ClCompile>
    <ClCompile Include="..\..\Source\TGON\Core\TCamera.cpp">
      <Filter>cpp\Core</Filter>
    </ClCompile>
    <ClCompile Include="..\..\Source\TGON\Core\TGameObject.cpp">
      <Filter>cpp\Core</Filter>
    </ClCompile>
    <ClCompile Include="HDCGuard.cpp">
      <Filter>cpp</Filter>
    </ClCompile>
    <ClCompile Include="..\..\Source\TGON\Font\FTFontFace.cpp">
      <Filter>cpp\Font</Filter>
    </ClCompile>
    <ClCompile Include="..\..\Source\TGON\Font\FTFontManager.cpp">
      <Filter>cpp\Font</Filter>
    </ClCompile>
    <ClCompile Include="..\..\Source\TGON\Math\TVector3.cpp">
      <Filter>cpp\Math</Filter>
    </ClCompile>
    <ClCompile Include="..\..\Source\TGON\Math\TMatrix4x4.cpp">
      <Filter>cpp\Math</Filter>
    </ClCompile>
    <ClCompile Include="..\..\Source\TGON\Math\Generic\GenericPlatformMath.cpp">
      <Filter>cpp\Math\Generic</Filter>
    </ClCompile>
    <ClCompile Include="..\..\Source\TGON\Error\TErrCode.cpp">
      <Filter>cpp\Error</Filter>
    </ClCompile>
    <ClCompile Include="..\..\Source\TGON\Graphics\TGraphics.cpp">
      <Filter>cpp\Graphics</Filter>
    </ClCompile>
    <ClCompile Include="..\..\Source\TGON\Graphics\Direct3D9\D3d9Enum.cpp">
      <Filter>cpp\Graphics\Direct3D9</Filter>
    </ClCompile>
    <ClCompile Include="..\..\Source\TGON\Graphics\Direct3D9\D3d9Error.cpp">
      <Filter>cpp\Graphics\Direct3D9</Filter>
    </ClCompile>
    <ClCompile Include="..\..\Source\TGON\Graphics\Direct3D9\D3d9Graphics.cpp">
      <Filter>cpp\Graphics\Direct3D9</Filter>
    </ClCompile>
    <ClCompile Include="..\..\Source\TGON\Graphics\Direct3D9\D3d9Mesh.cpp">
      <Filter>cpp\Graphics\Direct3D9</Filter>
    </ClCompile>
    <ClCompile Include="..\..\Source\TGON\Graphics\Direct3D9\D3d9Quad.cpp">
      <Filter>cpp\Graphics\Direct3D9</Filter>
    </ClCompile>
    <ClCompile Include="..\..\Source\TGON\Graphics\Direct3D9\D3d9Shader.cpp">
      <Filter>cpp\Graphics\Direct3D9</Filter>
    </ClCompile>
    <ClCompile Include="..\..\Source\TGON\Graphics\Direct3D9\D3d9Texture.cpp">
      <Filter>cpp\Graphics\Direct3D9</Filter>
    </ClCompile>
    <ClCompile Include="..\..\Source\TGON\Graphics\Direct3D9\D3d9Util.cpp">
      <Filter>cpp\Graphics\Direct3D9</Filter>
    </ClCompile>
    <ClCompile Include="..\..\Source\TGON\Graphics\Direct3D9\D3d92DSprite.cpp">
      <Filter>cpp\Graphics\Direct3D9</Filter>
    </ClCompile>
    <ClCompile Include="..\..\Source\TGON\Graphics\Direct3D9\D3d9Camera.cpp">
      <Filter>cpp\Graphics\Direct3D9</Filter>
    </ClCompile>
    <ClCompile Include="..\..\Source\TGON\Core\TStringHash.cpp">
      <Filter>cpp\Core</Filter>
    </ClCompile>
  </ItemGroup>
  <ItemGroup>
    <ClInclude Include="..\..\Source\TGON\Font\FTFontFace.h">
      <Filter>hpp\Font</Filter>
    </ClInclude>
    <ClInclude Include="..\..\Source\TGON\Font\FTFontManager.h">
      <Filter>hpp\Font</Filter>
    </ClInclude>
    <ClInclude Include="..\..\Source\TGON\PrecompiledHeader.h">
      <Filter>hpp\PrecompiledHeader</Filter>
    </ClInclude>
    <ClInclude Include="..\..\Source\TGON\String\TString.h">
      <Filter>hpp\String</Filter>
    </ClInclude>
    <ClInclude Include="..\..\Source\TGON\XML\TXML.h">
      <Filter>hpp\XML</Filter>
    </ClInclude>
    <ClInclude Include="..\..\Source\Thirdparty\tinyxml2\tinyxml2_wchar_t.h">
      <Filter>hpp\XML</Filter>
    </ClInclude>
    <ClInclude Include="..\..\Source\TGON\Component\IComponent.h">
      <Filter>hpp\Component</Filter>
    </ClInclude>
    <ClInclude Include="..\..\Source\TGON\Component\SpriteComponent.h">
      <Filter>hpp\Component</Filter>
    </ClInclude>
    <ClInclude Include="..\..\Source\TGON\Core\TCamera.h">
      <Filter>hpp\Core</Filter>
    </ClInclude>
    <ClInclude Include="..\..\Source\TGON\Core\TGameObject.h">
      <Filter>hpp\Core</Filter>
    </ClInclude>
    <ClInclude Include="..\..\Source\TGON\Core\TSingleton.h">
      <Filter>hpp\Core</Filter>
    </ClInclude>
    <ClInclude Include="..\..\Source\TGON\Core\TObject.h">
      <Filter>hpp\Core</Filter>
    </ClInclude>
    <ClInclude Include="HDCGuard.h">
      <Filter>hpp</Filter>
    </ClInclude>
    <ClInclude Include="..\..\Source\TGON\Core\TTypeId.h">
      <Filter>hpp\Core</Filter>
    </ClInclude>
    <ClInclude Include="..\..\Source\TGON\Core\TNoncopyable.h">
      <Filter>hpp\Core</Filter>
    </ClInclude>
    <ClInclude Include="..\..\Source\TGON\Math\TMath.h">
      <Filter>hpp\Math</Filter>
    </ClInclude>
    <ClInclude Include="..\..\Source\TGON\Utility\tglib.h">
      <Filter>hpp\Utility</Filter>
    </ClInclude>
    <ClInclude Include="..\..\Source\TGON\Math\TVector3.h">
      <Filter>hpp\Math</Filter>
    </ClInclude>
    <ClInclude Include="..\..\Source\TGON\Math\TMatrix4x4.h">
      <Filter>hpp\Math</Filter>
    </ClInclude>
    <ClInclude Include="..\..\Source\TGON\Math\Generic\GenericPlatformMath.h">
      <Filter>hpp\Math\Generic</Filter>
    </ClInclude>
    <ClInclude Include="..\..\Source\TGON\Math\Windows\TMathSSE2.h">
      <Filter>hpp\Math\Windows</Filter>
    </ClInclude>
    <ClInclude Include="..\..\Source\TGON\Math\Windows\WindowsPlatformMath.h">
      <Filter>hpp\Math\Windows</Filter>
    </ClInclude>
    <ClInclude Include="..\..\Source\TGON\Error\TErrCode.h">
      <Filter>hpp\Error</Filter>
    </ClInclude>
    <ClInclude Include="..\..\Source\TGON\Error\TErrCodeUtil.h">
      <Filter>hpp\Error</Filter>
    </ClInclude>
    <ClInclude Include="..\..\Source\TGON\Graphics\TGraphics.h">
      <Filter>hpp\Graphics</Filter>
    </ClInclude>
    <ClInclude Include="..\..\Source\TGON\Graphics\GraphicsStyle.h">
      <Filter>hpp\Graphics</Filter>
    </ClInclude>
    <ClInclude Include="..\..\Source\TGON\Graphics\Interface\IGraphics.h">
      <Filter>hpp\Graphics\Interface</Filter>
    </ClInclude>
    <ClInclude Include="..\..\Source\TGON\Graphics\Direct3D9\D3d9Texture.h">
      <Filter>hpp\Graphics\Direct3D9</Filter>
    </ClInclude>
    <ClInclude Include="..\..\Source\TGON\Graphics\Direct3D9\D3d9Util.h">
      <Filter>hpp\Graphics\Direct3D9</Filter>
    </ClInclude>
    <ClInclude Include="..\..\Source\TGON\Graphics\Direct3D9\D3d92DSprite.h">
      <Filter>hpp\Graphics\Direct3D9</Filter>
    </ClInclude>
    <ClInclude Include="..\..\Source\TGON\Graphics\Direct3D9\D3d9Camera.h">
      <Filter>hpp\Graphics\Direct3D9</Filter>
    </ClInclude>
    <ClInclude Include="..\..\Source\TGON\Graphics\Direct3D9\D3d9Enum.h">
      <Filter>hpp\Graphics\Direct3D9</Filter>
    </ClInclude>
    <ClInclude Include="..\..\Source\TGON\Graphics\Direct3D9\D3d9Error.h">
      <Filter>hpp\Graphics\Direct3D9</Filter>
    </ClInclude>
    <ClInclude Include="..\..\Source\TGON\Graphics\Direct3D9\D3d9Fwd.h">
      <Filter>hpp\Graphics\Direct3D9</Filter>
    </ClInclude>
    <ClInclude Include="..\..\Source\TGON\Graphics\Direct3D9\D3d9Graphics.h">
      <Filter>hpp\Graphics\Direct3D9</Filter>
    </ClInclude>
    <ClInclude Include="..\..\Source\TGON\Core\TStringHash.h">
      <Filter>hpp\Core</Filter>
    </ClInclude>
  </ItemGroup>
</Project>