<?xml version="1.0" encoding="utf-8"?>
<Project ToolsVersion="4.0" xmlns="http://schemas.microsoft.com/developer/msbuild/2003">
  <ItemGroup>
    <Filter Include="Sources">
      <UniqueIdentifier>{b8a808bc-df73-4f26-aa02-be62d4b5b595}</UniqueIdentifier>
    </Filter>
    <Filter Include="Sources\public">
      <UniqueIdentifier>{3e3bd566-e36f-452e-b506-1dff74798cea}</UniqueIdentifier>
      <Extensions>h</Extensions>
    </Filter>
    <Filter Include="Sources\private">
      <UniqueIdentifier>{36bb4423-6475-4868-be09-93b3ada0976d}</UniqueIdentifier>
      <Extensions>cpp</Extensions>
    </Filter>
  </ItemGroup>
  <ItemGroup>
    <ClCompile Include="Sources\Direct3D9.cpp">
      <Filter>Sources\private</Filter>
    </ClCompile>
  </ItemGroup>
  <ItemGroup>
    <ClInclude Include="Sources\Direct3D9.h">
      <Filter>Sources\public</Filter>
    </ClInclude>
  </ItemGroup>
</Project>