<?xml version="1.0" encoding="utf-8"?>
<Project ToolsVersion="4.0" xmlns="http://schemas.microsoft.com/developer/msbuild/2003">
  <ItemGroup>
    <Filter Include="Sources">
      <UniqueIdentifier>{755ec319-5fce-4a6f-be9d-6daff30e79bf}</UniqueIdentifier>
    </Filter>
    <Filter Include="Sources\public">
      <UniqueIdentifier>{9e7aa995-1e31-49a7-ac2e-61cd93e09a6e}</UniqueIdentifier>
    </Filter>
    <Filter Include="Sources\public\Animation">
      <UniqueIdentifier>{d9e6bbfd-50f6-486e-8bab-3479c9cea9f3}</UniqueIdentifier>
    </Filter>
    <Filter Include="Sources\public\Model">
      <UniqueIdentifier>{b469b669-a51d-473f-862a-891bfc4f8166}</UniqueIdentifier>
    </Filter>
    <Filter Include="Sources\public\Thirdparty">
      <UniqueIdentifier>{5673f540-0a64-42cf-900d-4857e389412a}</UniqueIdentifier>
    </Filter>
    <Filter Include="Sources\private">
      <UniqueIdentifier>{0ede85c9-83f5-4cb0-9bc1-3fafaf0a89a8}</UniqueIdentifier>
    </Filter>
    <Filter Include="Sources\private\Thirdparty">
      <UniqueIdentifier>{0abf721e-79e3-42c0-afc7-c6804b8a5bff}</UniqueIdentifier>
    </Filter>
  </ItemGroup>
  <ItemGroup>
    <ClCompile Include="Sources\FBXModel.cpp">
      <Filter>Sources\public\Model</Filter>
    </ClCompile>
    <ClCompile Include="Sources\FBX.cpp">
      <Filter>Sources\private\Thirdparty</Filter>
    </ClCompile>
    <ClCompile Include="Sources\Direct3D9.cpp">
      <Filter>Sources\private</Filter>
    </ClCompile>
    <ClCompile Include="Sources\ModelBase.cpp">
      <Filter>Sources\public\Model</Filter>
    </ClCompile>
    <ClCompile Include="Sources\stdafx.cpp">
      <Filter>Sources\private</Filter>
    </ClCompile>
    <ClCompile Include="Sources\main.cpp">
      <Filter>Sources\private</Filter>
    </ClCompile>
  </ItemGroup>
  <ItemGroup>
    <ClInclude Include="Sources\FBXModel.h">
      <Filter>Sources\public\Model</Filter>
    </ClInclude>
    <ClInclude Include="Sources\FBX.h">
      <Filter>Sources\public\Thirdparty</Filter>
    </ClInclude>
    <ClInclude Include="Sources\Direct3D9.h">
      <Filter>Sources\public</Filter>
    </ClInclude>
    <ClInclude Include="Sources\ModelBase.h">
      <Filter>Sources\public\Model</Filter>
    </ClInclude>
    <ClInclude Include="Sources\stdafx.h">
      <Filter>Sources\public</Filter>
    </ClInclude>
  </ItemGroup>
</Project>