<?xml version="1.0" encoding="utf-8"?>
<Project ToolsVersion="4.0" xmlns="http://schemas.microsoft.com/developer/msbuild/2003">
  <ItemGroup>
    <Filter Include="Sources">
      <UniqueIdentifier>{6717f028-7319-4700-957e-753b2f9be48f}</UniqueIdentifier>
    </Filter>
    <Filter Include="Sources\PrecompiledHeader">
      <UniqueIdentifier>{2b9e93b8-26c6-4d02-bc9f-80d94de32259}</UniqueIdentifier>
    </Filter>
    <Filter Include="Sources\PrecompiledHeader\hpp">
      <UniqueIdentifier>{6166ebdc-5443-49d6-b553-e66ac432d5a4}</UniqueIdentifier>
    </Filter>
    <Filter Include="Sources\PrecompiledHeader\cpp">
      <UniqueIdentifier>{6922300e-0fa0-4e6e-821c-7a276701e22e}</UniqueIdentifier>
    </Filter>
    <Filter Include="Sources\Executable">
      <UniqueIdentifier>{7ba32176-eea4-4e6b-8be2-615590cc8dac}</UniqueIdentifier>
    </Filter>
    <Filter Include="Sources\Executable\cpp">
      <UniqueIdentifier>{b5e086c4-dea5-4c23-a0e9-c28b03d79019}</UniqueIdentifier>
    </Filter>
    <Filter Include="Sources\Executable\hpp">
      <UniqueIdentifier>{eaaee444-0a69-413a-b959-3b9a7c88ef9b}</UniqueIdentifier>
    </Filter>
    <Filter Include="Sources\Module">
      <UniqueIdentifier>{d7d57f01-f2de-4f41-815f-410900365a7c}</UniqueIdentifier>
    </Filter>
    <Filter Include="Sources\Module\cpp">
      <UniqueIdentifier>{fe8db98f-34fc-4402-9d42-23d654784827}</UniqueIdentifier>
    </Filter>
    <Filter Include="Sources\Module\hpp">
      <UniqueIdentifier>{cd9b2224-1747-471f-b965-0254ff798bb0}</UniqueIdentifier>
    </Filter>
    <Filter Include="Sources\Module\hpp\Interface">
      <UniqueIdentifier>{bd2ec299-609d-4e95-a1db-cffb76d53eb5}</UniqueIdentifier>
    </Filter>
    <Filter Include="Sources\Module\hpp\Time">
      <UniqueIdentifier>{003be8a4-67bd-4f2c-a6c7-13514103dd0a}</UniqueIdentifier>
    </Filter>
    <Filter Include="Sources\Module\hpp\WorkThread">
      <UniqueIdentifier>{bd21449e-174e-41ff-9c35-1a9a26f620cb}</UniqueIdentifier>
    </Filter>
    <Filter Include="Sources\Module\hpp\Input">
      <UniqueIdentifier>{a048e3c3-e2ea-4250-a051-877b4854b670}</UniqueIdentifier>
    </Filter>
  </ItemGroup>
  <ItemGroup>
    <ClInclude Include="..\..\Source\TGON\PrecompiledHeader.h">
      <Filter>Sources\PrecompiledHeader\hpp</Filter>
    </ClInclude>
    <ClInclude Include="..\..\Source\TGON\Engine\Module\Interface\IModule.h">
      <Filter>Sources\Module\hpp\Interface</Filter>
    </ClInclude>
    <ClInclude Include="..\..\Source\TGON\Engine\Module\TimeModule.h">
      <Filter>Sources\Module\hpp\Time</Filter>
    </ClInclude>
    <ClInclude Include="..\..\Source\TGON\Engine\Module\TWorkThreadModule.h">
      <Filter>Sources\Module\hpp\WorkThread</Filter>
    </ClInclude>
    <ClInclude Include="..\..\Source\TGON\Engine\Module\InputModule.h">
      <Filter>Sources\Module\hpp\Input</Filter>
    </ClInclude>
    <ClInclude Include="..\..\Source\TGON\Engine\Object\TCoreEvents.h">
      <Filter>Sources</Filter>
    </ClInclude>
    <ClInclude Include="..\..\Source\TGON\Engine\Executable\TGameApplication.h">
      <Filter>Sources\Executable\hpp</Filter>
    </ClInclude>
    <ClInclude Include="..\..\Source\TGON\Engine\Executable\TEngine.h">
      <Filter>Sources\Executable\hpp</Filter>
    </ClInclude>
  </ItemGroup>
  <ItemGroup>
    <ClCompile Include="..\..\Source\TGON\PrecompiledHeader.cpp">
      <Filter>Sources\PrecompiledHeader\cpp</Filter>
    </ClCompile>
    <ClCompile Include="..\..\Source\TGON\Engine\Module\Interface\IModule.cpp">
      <Filter>Sources\Module\hpp\Interface</Filter>
    </ClCompile>
    <ClCompile Include="..\..\Source\TGON\Engine\Module\TimeModule.cpp">
      <Filter>Sources\Module\hpp\Time</Filter>
    </ClCompile>
    <ClCompile Include="..\..\Source\TGON\Engine\Module\TWorkThreadModule.cpp">
      <Filter>Sources\Module\hpp\WorkThread</Filter>
    </ClCompile>
    <ClCompile Include="..\..\Source\TGON\Engine\Executable\TMain.cpp">
      <Filter>Sources\Executable\cpp</Filter>
    </ClCompile>
    <ClCompile Include="..\..\Source\TGON\Engine\Module\InputModule.cpp">
      <Filter>Sources\Module\hpp\Input</Filter>
    </ClCompile>
    <ClCompile Include="..\..\Source\TGON\Engine\Object\TCoreEvents.cpp">
      <Filter>Sources</Filter>
    </ClCompile>
    <ClCompile Include="..\..\Source\TGON\Engine\Executable\TGameApplication.cpp">
      <Filter>Sources\Executable\cpp</Filter>
    </ClCompile>
    <ClCompile Include="..\..\Source\TGON\Engine\Executable\TEngine.cpp">
      <Filter>Sources\Executable\cpp</Filter>
    </ClCompile>
  </ItemGroup>
</Project>