<?xml version="1.0" encoding="utf-8"?>
<Project ToolsVersion="4.0" xmlns="http://schemas.microsoft.com/developer/msbuild/2003">
  <ItemGroup>
    <Filter Include="cpp">
      <UniqueIdentifier>{60ad9011-daf2-4bd7-83b8-c5d036dd6c8c}</UniqueIdentifier>
      <Extensions>c;cpp;</Extensions>
    </Filter>
    <Filter Include="cpp\PrecompiledHeader">
      <UniqueIdentifier>{cfe78ff0-6b6f-4ceb-a476-f941168b399a}</UniqueIdentifier>
    </Filter>
    <Filter Include="hpp">
      <UniqueIdentifier>{7e724f4f-c35b-4a32-9017-4aea32692acf}</UniqueIdentifier>
      <Extensions>h;hpp</Extensions>
    </Filter>
    <Filter Include="hpp\PrecompiledHeader">
      <UniqueIdentifier>{7fb28465-95a3-4001-a121-0566111849b0}</UniqueIdentifier>
    </Filter>
  </ItemGroup>
  <ItemGroup>
    <ClCompile Include="..\..\Source\TGON\PrecompiledHeader.cpp">
      <Filter>cpp\PrecompiledHeader</Filter>
    </ClCompile>
  </ItemGroup>
  <ItemGroup>
    <ClInclude Include="..\..\Source\TGON\PrecompiledHeader.h">
      <Filter>hpp\PrecompiledHeader</Filter>
    </ClInclude>
  </ItemGroup>
  <ItemGroup>
    <Xml Include="GraphicsStyle.xml" />
    <Xml Include="WindowStyle.xml" />
  </ItemGroup>
</Project>